// !$*UTF8*$!
{
	archiveVersion = 1;
	classes = {
	};
	objectVersion = 56;
	objects = {

/* Begin PBXBuildFile section */
		70EBD66528FE5D5A005B1F36 /* firstDriveApp.swift in Sources */ = {isa = PBXBuildFile; fileRef = 70EBD66428FE5D5A005B1F36 /* firstDriveApp.swift */; };
		70EBD66728FE5D5A005B1F36 /* ContentView.swift in Sources */ = {isa = PBXBuildFile; fileRef = 70EBD66628FE5D5A005B1F36 /* ContentView.swift */; };
		70EBD66928FE5D5B005B1F36 /* Assets.xcassets in Resources */ = {isa = PBXBuildFile; fileRef = 70EBD66828FE5D5B005B1F36 /* Assets.xcassets */; };
		70EBD66C28FE5D5B005B1F36 /* Preview Assets.xcassets in Resources */ = {isa = PBXBuildFile; fileRef = 70EBD66B28FE5D5B005B1F36 /* Preview Assets.xcassets */; };
		70EBD67328FE8232005B1F36 /* TitleView.swift in Sources */ = {isa = PBXBuildFile; fileRef = 70EBD67228FE8232005B1F36 /* TitleView.swift */; };
		70EBD67528FE824C005B1F36 /* MemberNameView.swift in Sources */ = {isa = PBXBuildFile; fileRef = 70EBD67428FE824C005B1F36 /* MemberNameView.swift */; };
/* End PBXBuildFile section */

/* Begin PBXFileReference section */
		70EBD66128FE5D5A005B1F36 /* firstDrive.app */ = {isa = PBXFileReference; explicitFileType = wrapper.application; includeInIndex = 0; path = firstDrive.app; sourceTree = BUILT_PRODUCTS_DIR; };
		70EBD66428FE5D5A005B1F36 /* firstDriveApp.swift */ = {isa = PBXFileReference; lastKnownFileType = sourcecode.swift; path = firstDriveApp.swift; sourceTree = "<group>"; };
		70EBD66628FE5D5A005B1F36 /* ContentView.swift */ = {isa = PBXFileReference; lastKnownFileType = sourcecode.swift; path = ContentView.swift; sourceTree = "<group>"; };
		70EBD66828FE5D5B005B1F36 /* Assets.xcassets */ = {isa = PBXFileReference; lastKnownFileType = folder.assetcatalog; path = Assets.xcassets; sourceTree = "<group>"; };
		70EBD66B28FE5D5B005B1F36 /* Preview Assets.xcassets */ = {isa = PBXFileReference; lastKnownFileType = folder.assetcatalog; path = "Preview Assets.xcassets"; sourceTree = "<group>"; };
		70EBD67228FE8232005B1F36 /* TitleView.swift */ = {isa = PBXFileReference; lastKnownFileType = sourcecode.swift; path = TitleView.swift; sourceTree = "<group>"; };
		70EBD67428FE824C005B1F36 /* MemberNameView.swift */ = {isa = PBXFileReference; lastKnownFileType = sourcecode.swift; path = MemberNameView.swift; sourceTree = "<group>"; };
/* End PBXFileReference section */

/* Begin PBXFrameworksBuildPhase section */
		70EBD65E28FE5D5A005B1F36 /* Frameworks */ = {
			isa = PBXFrameworksBuildPhase;
			buildActionMask = 2147483647;
			files = (
			);
			runOnlyForDeploymentPostprocessing = 0;
		};
/* End PBXFrameworksBuildPhase section */

/* Begin PBXGroup section */
		70EBD65828FE5D5A005B1F36 = {
			isa = PBXGroup;
			children = (
				70EBD66328FE5D5A005B1F36 /* firstDrive */,
				70EBD66228FE5D5A005B1F36 /* Products */,
			);
			sourceTree = "<group>";
		};
		70EBD66228FE5D5A005B1F36 /* Products */ = {
			isa = PBXGroup;
			children = (
				70EBD66128FE5D5A005B1F36 /* firstDrive.app */,
			);
			name = Products;
			sourceTree = "<group>";
		};
		70EBD66328FE5D5A005B1F36 /* firstDrive */ = {
			isa = PBXGroup;
			children = (
				70EBD66428FE5D5A005B1F36 /* firstDriveApp.swift */,
				70EBD66628FE5D5A005B1F36 /* ContentView.swift */,
				70EBD67428FE824C005B1F36 /* MemberNameView.swift */,
				70EBD67228FE8232005B1F36 /* TitleView.swift */,
				70EBD66828FE5D5B005B1F36 /* Assets.xcassets */,
				70EBD66A28FE5D5B005B1F36 /* Preview Content */,
			);
			path = firstDrive;
			sourceTree = "<group>";
		};
		70EBD66A28FE5D5B005B1F36 /* Preview Content */ = {
			isa = PBXGroup;
			children = (
				70EBD66B28FE5D5B005B1F36 /* Preview Assets.xcassets */,
			);
			path = "Preview Content";
			sourceTree = "<group>";
		};
/* End PBXGroup section */

/* Begin PBXNativeTarget section */
		70EBD66028FE5D5A005B1F36 /* firstDrive */ = {
			isa = PBXNativeTarget;
			buildConfigurationList = 70EBD66F28FE5D5B005B1F36 /* Build configuration list for PBXNativeTarget "firstDrive" */;
			buildPhases = (
				70EBD65D28FE5D5A005B1F36 /* Sources */,
				70EBD65E28FE5D5A005B1F36 /* Frameworks */,
				70EBD65F28FE5D5A005B1F36 /* Resources */,
			);
			buildRules = (
			);
			dependencies = (
			);
			name = firstDrive;
			productName = firstDrive;
			productReference = 70EBD66128FE5D5A005B1F36 /* firstDrive.app */;
			productType = "com.apple.product-type.application";
		};
/* End PBXNativeTarget section */

/* Begin PBXProject section */
		70EBD65928FE5D5A005B1F36 /* Project object */ = {
			isa = PBXProject;
			attributes = {
				BuildIndependentTargetsInParallel = 1;
				LastSwiftUpdateCheck = 1400;
				LastUpgradeCheck = 1400;
				TargetAttributes = {
					70EBD66028FE5D5A005B1F36 = {
						CreatedOnToolsVersion = 14.0;
					};
				};
			};
			buildConfigurationList = 70EBD65C28FE5D5A005B1F36 /* Build configuration list for PBXProject "firstDrive" */;
			compatibilityVersion = "Xcode 14.0";
			developmentRegion = en;
			hasScannedForEncodings = 0;
			knownRegions = (
				en,
				Base,
			);
			mainGroup = 70EBD65828FE5D5A005B1F36;
			productRefGroup = 70EBD66228FE5D5A005B1F36 /* Products */;
			projectDirPath = "";
			projectRoot = "";
			targets = (
				70EBD66028FE5D5A005B1F36 /* firstDrive */,
			);
		};
/* End PBXProject section */

/* Begin PBXResourcesBuildPhase section */
		70EBD65F28FE5D5A005B1F36 /* Resources */ = {
			isa = PBXResourcesBuildPhase;
			buildActionMask = 2147483647;
			files = (
				70EBD66C28FE5D5B005B1F36 /* Preview Assets.xcassets in Resources */,
				70EBD66928FE5D5B005B1F36 /* Assets.xcassets in Resources */,
			);
			runOnlyForDeploymentPostprocessing = 0;
		};
/* End PBXResourcesBuildPhase section */

/* Begin PBXSourcesBuildPhase section */
		70EBD65D28FE5D5A005B1F36 /* Sources */ = {
			isa = PBXSourcesBuildPhase;
			buildActionMask = 2147483647;
			files = (
				70EBD66728FE5D5A005B1F36 /* ContentView.swift in Sources */,
				70EBD66528FE5D5A005B1F36 /* firstDriveApp.swift in Sources */,
				70EBD67328FE8232005B1F36 /* TitleView.swift in Sources */,
				70EBD67528FE824C005B1F36 /* MemberNameView.swift in Sources */,
			);
			runOnlyForDeploymentPostprocessing = 0;
		};
/* End PBXSourcesBuildPhase section */

/* Begin XCBuildConfiguration section */
		70EBD66D28FE5D5B005B1F36 /* Debug */ = {
			isa = XCBuildConfiguration;
			buildSettings = {
				ALWAYS_SEARCH_USER_PATHS = NO;
				CLANG_ANALYZER_NONNULL = YES;
				CLANG_ANALYZER_NUMBER_OBJECT_CONVERSION = YES_AGGRESSIVE;
				CLANG_CXX_LANGUAGE_STANDARD = "gnu++20";
				CLANG_ENABLE_MODULES = YES;
				CLANG_ENABLE_OBJC_ARC = YES;
				CLANG_ENABLE_OBJC_WEAK = YES;
				CLANG_WARN_BLOCK_CAPTURE_AUTORELEASING = YES;
				CLANG_WARN_BOOL_CONVERSION = YES;
				CLANG_WARN_COMMA = YES;
				CLANG_WARN_CONSTANT_CONVERSION = YES;
				CLANG_WARN_DEPRECATED_OBJC_IMPLEMENTATIONS = YES;
				CLANG_WARN_DIRECT_OBJC_ISA_USAGE = YES_ERROR;
				CLANG_WARN_DOCUMENTATION_COMMENTS = YES;
				CLANG_WARN_EMPTY_BODY = YES;
				CLANG_WARN_ENUM_CONVERSION = YES;
				CLANG_WARN_INFINITE_RECURSION = YES;
				CLANG_WARN_INT_CONVERSION = YES;
				CLANG_WARN_NON_LITERAL_NULL_CONVERSION = YES;
				CLANG_WARN_OBJC_IMPLICIT_RETAIN_SELF = YES;
				CLANG_WARN_OBJC_LITERAL_CONVERSION = YES;
				CLANG_WARN_OBJC_ROOT_CLASS = YES_ERROR;
				CLANG_WARN_QUOTED_INCLUDE_IN_FRAMEWORK_HEADER = YES;
				CLANG_WARN_RANGE_LOOP_ANALYSIS = YES;
				CLANG_WARN_STRICT_PROTOTYPES = YES;
				CLANG_WARN_SUSPICIOUS_MOVE = YES;
				CLANG_WARN_UNGUARDED_AVAILABILITY = YES_AGGRESSIVE;
				CLANG_WARN_UNREACHABLE_CODE = YES;
				CLANG_WARN__DUPLICATE_METHOD_MATCH = YES;
				COPY_PHASE_STRIP = NO;
				DEBUG_INFORMATION_FORMAT = dwarf;
				ENABLE_STRICT_OBJC_MSGSEND = YES;
				ENABLE_TESTABILITY = YES;
				GCC_C_LANGUAGE_STANDARD = gnu11;
				GCC_DYNAMIC_NO_PIC = NO;
				GCC_NO_COMMON_BLOCKS = YES;
				GCC_OPTIMIZATION_LEVEL = 0;
				GCC_PREPROCESSOR_DEFINITIONS = (
					"DEBUG=1",
					"$(inherited)",
				);
				GCC_WARN_64_TO_32_BIT_CONVERSION = YES;
				GCC_WARN_ABOUT_RETURN_TYPE = YES_ERROR;
				GCC_WARN_UNDECLARED_SELECTOR = YES;
				GCC_WARN_UNINITIALIZED_AUTOS = YES_AGGRESSIVE;
				GCC_WARN_UNUSED_FUNCTION = YES;
				GCC_WARN_UNUSED_VARIABLE = YES;
				IPHONEOS_DEPLOYMENT_TARGET = 16.0;
				MTL_ENABLE_DEBUG_INFO = INCLUDE_SOURCE;
				MTL_FAST_MATH = YES;
				ONLY_ACTIVE_ARCH = YES;
				SDKROOT = iphoneos;
				SWIFT_ACTIVE_COMPILATION_CONDITIONS = DEBUG;
				SWIFT_OPTIMIZATION_LEVEL = "-Onone";
			};
			name = Debug;
		};
		70EBD66E28FE5D5B005B1F36 /* Release */ = {
			isa = XCBuildConfiguration;
			buildSettings = {
				ALWAYS_SEARCH_USER_PATHS = NO;
				CLANG_ANALYZER_NONNULL = YES;
				CLANG_ANALYZER_NUMBER_OBJECT_CONVERSION = YES_AGGRESSIVE;
				CLANG_CXX_LANGUAGE_STANDARD = "gnu++20";
				CLANG_ENABLE_MODULES = YES;
				CLANG_ENABLE_OBJC_ARC = YES;
				CLANG_ENABLE_OBJC_WEAK = YES;
				CLANG_WARN_BLOCK_CAPTURE_AUTORELEASING = YES;
				CLANG_WARN_BOOL_CONVERSION = YES;
				CLANG_WARN_COMMA = YES;
				CLANG_WARN_CONSTANT_CONVERSION = YES;
				CLANG_WARN_DEPRECATED_OBJC_IMPLEMENTATIONS = YES;
				CLANG_WARN_DIRECT_OBJC_ISA_USAGE = YES_ERROR;
				CLANG_WARN_DOCUMENTATION_COMMENTS = YES;
				CLANG_WARN_EMPTY_BODY = YES;
				CLANG_WARN_ENUM_CONVERSION = YES;
				CLANG_WARN_INFINITE_RECURSION = YES;
				CLANG_WARN_INT_CONVERSION = YES;
				CLANG_WARN_NON_LITERAL_NULL_CONVERSION = YES;
				CLANG_WARN_OBJC_IMPLICIT_RETAIN_SELF = YES;
				CLANG_WARN_OBJC_LITERAL_CONVERSION = YES;
				CLANG_WARN_OBJC_ROOT_CLASS = YES_ERROR;
				CLANG_WARN_QUOTED_INCLUDE_IN_FRAMEWORK_HEADER = YES;
				CLANG_WARN_RANGE_LOOP_ANALYSIS = YES;
				CLANG_WARN_STRICT_PROTOTYPES = YES;
				CLANG_WARN_SUSPICIOUS_MOVE = YES;
				CLANG_WARN_UNGUARDED_AVAILABILITY = YES_AGGRESSIVE;
				CLANG_WARN_UNREACHABLE_CODE = YES;
				CLANG_WARN__DUPLICATE_METHOD_MATCH = YES;
				COPY_PHASE_STRIP = NO;
				DEBUG_INFORMATION_FORMAT = "dwarf-with-dsym";
				ENABLE_NS_ASSERTIONS = NO;
				ENABLE_STRICT_OBJC_MSGSEND = YES;
				GCC_C_LANGUAGE_STANDARD = gnu11;
				GCC_NO_COMMON_BLOCKS = YES;
				GCC_WARN_64_TO_32_BIT_CONVERSION = YES;
				GCC_WARN_ABOUT_RETURN_TYPE = YES_ERROR;
				GCC_WARN_UNDECLARED_SELECTOR = YES;
				GCC_WARN_UNINITIALIZED_AUTOS = YES_AGGRESSIVE;
				GCC_WARN_UNUSED_FUNCTION = YES;
				GCC_WARN_UNUSED_VARIABLE = YES;
				IPHONEOS_DEPLOYMENT_TARGET = 16.0;
				MTL_ENABLE_DEBUG_INFO = NO;
				MTL_FAST_MATH = YES;
				SDKROOT = iphoneos;
				SWIFT_COMPILATION_MODE = wholemodule;
				SWIFT_OPTIMIZATION_LEVEL = "-O";
				VALIDATE_PRODUCT = YES;
			};
			name = Release;
		};
		70EBD67028FE5D5B005B1F36 /* Debug */ = {
			isa = XCBuildConfiguration;
			buildSettings = {
				ASSETCATALOG_COMPILER_APPICON_NAME = AppIcon;
				ASSETCATALOG_COMPILER_GLOBAL_ACCENT_COLOR_NAME = AccentColor;
				CODE_SIGN_STYLE = Automatic;
				CURRENT_PROJECT_VERSION = 1;
				DEVELOPMENT_ASSET_PATHS = "\"firstDrive/Preview Content\"";
				DEVELOPMENT_TEAM = 67M6ZS7KS6;
				ENABLE_PREVIEWS = YES;
				GENERATE_INFOPLIST_FILE = YES;
				INFOPLIST_KEY_UIApplicationSceneManifest_Generation = YES;
				INFOPLIST_KEY_UIApplicationSupportsIndirectInputEvents = YES;
				INFOPLIST_KEY_UILaunchScreen_Generation = YES;
				INFOPLIST_KEY_UISupportedInterfaceOrientations_iPad = "UIInterfaceOrientationPortrait UIInterfaceOrientationPortraitUpsideDown UIInterfaceOrientationLandscapeLeft UIInterfaceOrientationLandscapeRight";
				INFOPLIST_KEY_UISupportedInterfaceOrientations_iPhone = "UIInterfaceOrientationPortrait UIInterfaceOrientationLandscapeLeft UIInterfaceOrientationLandscapeRight";
				LD_RUNPATH_SEARCH_PATHS = (
					"$(inherited)",
					"@executable_path/Frameworks",
				);
				MARKETING_VERSION = 1.0;
				PRODUCT_BUNDLE_IDENTIFIER = valse.firstDrive;
				PRODUCT_NAME = "$(TARGET_NAME)";
				SWIFT_EMIT_LOC_STRINGS = YES;
				SWIFT_VERSION = 5.0;
				TARGETED_DEVICE_FAMILY = "1,2";
			};
			name = Debug;
		};
		70EBD67128FE5D5B005B1F36 /* Release */ = {
			isa = XCBuildConfiguration;
			buildSettings = {
				ASSETCATALOG_COMPILER_APPICON_NAME = AppIcon;
				ASSETCATALOG_COMPILER_GLOBAL_ACCENT_COLOR_NAME = AccentColor;
				CODE_SIGN_STYLE = Automatic;
				CURRENT_PROJECT_VERSION = 1;
				DEVELOPMENT_ASSET_PATHS = "\"firstDrive/Preview Content\"";
				DEVELOPMENT_TEAM = 67M6ZS7KS6;
				ENABLE_PREVIEWS = YES;
				GENERATE_INFOPLIST_FILE = YES;
				INFOPLIST_KEY_UIApplicationSceneManifest_Generation = YES;
				INFOPLIST_KEY_UIApplicationSupportsIndirectInputEvents = YES;
				INFOPLIST_KEY_UILaunchScreen_Generation = YES;
				INFOPLIST_KEY_UISupportedInterfaceOrientations_iPad = "UIInterfaceOrientationPortrait UIInterfaceOrientationPortraitUpsideDown UIInterfaceOrientationLandscapeLeft UIInterfaceOrientationLandscapeRight";
				INFOPLIST_KEY_UISupportedInterfaceOrientations_iPhone = "UIInterfaceOrientationPortrait UIInterfaceOrientationLandscapeLeft UIInterfaceOrientationLandscapeRight";
				LD_RUNPATH_SEARCH_PATHS = (
					"$(inherited)",
					"@executable_path/Frameworks",
				);
				MARKETING_VERSION = 1.0;
				PRODUCT_BUNDLE_IDENTIFIER = valse.firstDrive;
				PRODUCT_NAME = "$(TARGET_NAME)";
				SWIFT_EMIT_LOC_STRINGS = YES;
				SWIFT_VERSION = 5.0;
				TARGETED_DEVICE_FAMILY = "1,2";
			};
			name = Release;
		};
/* End XCBuildConfiguration section */

/* Begin XCConfigurationList section */
		70EBD65C28FE5D5A005B1F36 /* Build configuration list for PBXProject "firstDrive" */ = {
			isa = XCConfigurationList;
			buildConfigurations = (
				70EBD66D28FE5D5B005B1F36 /* Debug */,
				70EBD66E28FE5D5B005B1F36 /* Release */,
			);
			defaultConfigurationIsVisible = 0;
			defaultConfigurationName = Release;
		};
		70EBD66F28FE5D5B005B1F36 /* Build configuration list for PBXNativeTarget "firstDrive" */ = {
			isa = XCConfigurationList;
			buildConfigurations = (
				70EBD67028FE5D5B005B1F36 /* Debug */,
				70EBD67128FE5D5B005B1F36 /* Release */,
			);
			defaultConfigurationIsVisible = 0;
			defaultConfigurationName = Release;
		};
/* End XCConfigurationList section */
	};
	rootObject = 70EBD65928FE5D5A005B1F36 /* Project object */;
}
