// !$*UTF8*$!
{
	archiveVersion = 1;
	classes = {
	};
	objectVersion = 56;
	objects = {

/* Begin PBXBuildFile section */
		7087C50B291225800006705B /* MapTabView.swift in Sources */ = {isa = PBXBuildFile; fileRef = 7087C50A291225800006705B /* MapTabView.swift */; };
		7087C50D291228500006705B /* UIWebView.swift in Sources */ = {isa = PBXBuildFile; fileRef = 7087C50C291228500006705B /* UIWebView.swift */; };
		70B180852911FCD9000E9DAE /* UnderstandingUIViewMergeApp.swift in Sources */ = {isa = PBXBuildFile; fileRef = 70B180842911FCD9000E9DAE /* UnderstandingUIViewMergeApp.swift */; };
		70B180872911FCD9000E9DAE /* ContentView.swift in Sources */ = {isa = PBXBuildFile; fileRef = 70B180862911FCD9000E9DAE /* ContentView.swift */; };
		70B180892911FCD9000E9DAE /* Assets.xcassets in Resources */ = {isa = PBXBuildFile; fileRef = 70B180882911FCD9000E9DAE /* Assets.xcassets */; };
		70B1808C2911FCD9000E9DAE /* Preview Assets.xcassets in Resources */ = {isa = PBXBuildFile; fileRef = 70B1808B2911FCD9000E9DAE /* Preview Assets.xcassets */; };
		70B180932911FCFF000E9DAE /* UIView.swift in Sources */ = {isa = PBXBuildFile; fileRef = 70B180922911FCFF000E9DAE /* UIView.swift */; };
		70B1809529120FBF000E9DAE /* UIImagePicker.swift in Sources */ = {isa = PBXBuildFile; fileRef = 70B1809429120FBF000E9DAE /* UIImagePicker.swift */; };
		70B1809729121088000E9DAE /* ImagePickerView.swift in Sources */ = {isa = PBXBuildFile; fileRef = 70B1809629121088000E9DAE /* ImagePickerView.swift */; };
		70B180992912236E000E9DAE /* MergingWebAndMapView.swift in Sources */ = {isa = PBXBuildFile; fileRef = 70B180982912236E000E9DAE /* MergingWebAndMapView.swift */; };
		70B1809D29122539000E9DAE /* WebTabView.swift in Sources */ = {isa = PBXBuildFile; fileRef = 70B1809C29122539000E9DAE /* WebTabView.swift */; };
/* End PBXBuildFile section */

/* Begin PBXFileReference section */
		7087C50A291225800006705B /* MapTabView.swift */ = {isa = PBXFileReference; lastKnownFileType = sourcecode.swift; path = MapTabView.swift; sourceTree = "<group>"; };
		7087C50C291228500006705B /* UIWebView.swift */ = {isa = PBXFileReference; lastKnownFileType = sourcecode.swift; path = UIWebView.swift; sourceTree = "<group>"; };
		70B180812911FCD9000E9DAE /* UnderstandingUIViewMerge.app */ = {isa = PBXFileReference; explicitFileType = wrapper.application; includeInIndex = 0; path = UnderstandingUIViewMerge.app; sourceTree = BUILT_PRODUCTS_DIR; };
		70B180842911FCD9000E9DAE /* UnderstandingUIViewMergeApp.swift */ = {isa = PBXFileReference; lastKnownFileType = sourcecode.swift; path = UnderstandingUIViewMergeApp.swift; sourceTree = "<group>"; };
		70B180862911FCD9000E9DAE /* ContentView.swift */ = {isa = PBXFileReference; lastKnownFileType = sourcecode.swift; path = ContentView.swift; sourceTree = "<group>"; };
		70B180882911FCD9000E9DAE /* Assets.xcassets */ = {isa = PBXFileReference; lastKnownFileType = folder.assetcatalog; path = Assets.xcassets; sourceTree = "<group>"; };
		70B1808B2911FCD9000E9DAE /* Preview Assets.xcassets */ = {isa = PBXFileReference; lastKnownFileType = folder.assetcatalog; path = "Preview Assets.xcassets"; sourceTree = "<group>"; };
		70B180922911FCFF000E9DAE /* UIView.swift */ = {isa = PBXFileReference; lastKnownFileType = sourcecode.swift; path = UIView.swift; sourceTree = "<group>"; };
		70B1809429120FBF000E9DAE /* UIImagePicker.swift */ = {isa = PBXFileReference; lastKnownFileType = sourcecode.swift; path = UIImagePicker.swift; sourceTree = "<group>"; };
		70B1809629121088000E9DAE /* ImagePickerView.swift */ = {isa = PBXFileReference; lastKnownFileType = sourcecode.swift; path = ImagePickerView.swift; sourceTree = "<group>"; };
		70B180982912236E000E9DAE /* MergingWebAndMapView.swift */ = {isa = PBXFileReference; lastKnownFileType = sourcecode.swift; path = MergingWebAndMapView.swift; sourceTree = "<group>"; };
		70B1809C29122539000E9DAE /* WebTabView.swift */ = {isa = PBXFileReference; lastKnownFileType = sourcecode.swift; path = WebTabView.swift; sourceTree = "<group>"; };
/* End PBXFileReference section */

/* Begin PBXFrameworksBuildPhase section */
		70B1807E2911FCD9000E9DAE /* Frameworks */ = {
			isa = PBXFrameworksBuildPhase;
			buildActionMask = 2147483647;
			files = (
			);
			runOnlyForDeploymentPostprocessing = 0;
		};
/* End PBXFrameworksBuildPhase section */

/* Begin PBXGroup section */
		70B180782911FCD9000E9DAE = {
			isa = PBXGroup;
			children = (
				70B180832911FCD9000E9DAE /* UnderstandingUIViewMerge */,
				70B180822911FCD9000E9DAE /* Products */,
			);
			sourceTree = "<group>";
		};
		70B180822911FCD9000E9DAE /* Products */ = {
			isa = PBXGroup;
			children = (
				70B180812911FCD9000E9DAE /* UnderstandingUIViewMerge.app */,
			);
			name = Products;
			sourceTree = "<group>";
		};
		70B180832911FCD9000E9DAE /* UnderstandingUIViewMerge */ = {
			isa = PBXGroup;
			children = (
				70B180842911FCD9000E9DAE /* UnderstandingUIViewMergeApp.swift */,
				70B180862911FCD9000E9DAE /* ContentView.swift */,
				70B180922911FCFF000E9DAE /* UIView.swift */,
				70B1809629121088000E9DAE /* ImagePickerView.swift */,
				70B1809429120FBF000E9DAE /* UIImagePicker.swift */,
				70B1809A29122516000E9DAE /* WebAndMap */,
				70B180882911FCD9000E9DAE /* Assets.xcassets */,
				70B1808A2911FCD9000E9DAE /* Preview Content */,
			);
			path = UnderstandingUIViewMerge;
			sourceTree = "<group>";
		};
		70B1808A2911FCD9000E9DAE /* Preview Content */ = {
			isa = PBXGroup;
			children = (
				70B1808B2911FCD9000E9DAE /* Preview Assets.xcassets */,
			);
			path = "Preview Content";
			sourceTree = "<group>";
		};
		70B1809A29122516000E9DAE /* WebAndMap */ = {
			isa = PBXGroup;
			children = (
				70B180982912236E000E9DAE /* MergingWebAndMapView.swift */,
				7087C50C291228500006705B /* UIWebView.swift */,
				70B1809C29122539000E9DAE /* WebTabView.swift */,
				7087C50A291225800006705B /* MapTabView.swift */,
			);
			path = WebAndMap;
			sourceTree = "<group>";
		};
/* End PBXGroup section */

/* Begin PBXNativeTarget section */
		70B180802911FCD9000E9DAE /* UnderstandingUIViewMerge */ = {
			isa = PBXNativeTarget;
			buildConfigurationList = 70B1808F2911FCD9000E9DAE /* Build configuration list for PBXNativeTarget "UnderstandingUIViewMerge" */;
			buildPhases = (
				70B1807D2911FCD9000E9DAE /* Sources */,
				70B1807E2911FCD9000E9DAE /* Frameworks */,
				70B1807F2911FCD9000E9DAE /* Resources */,
			);
			buildRules = (
			);
			dependencies = (
			);
			name = UnderstandingUIViewMerge;
			productName = UnderstandingUIViewMerge;
			productReference = 70B180812911FCD9000E9DAE /* UnderstandingUIViewMerge.app */;
			productType = "com.apple.product-type.application";
		};
/* End PBXNativeTarget section */

/* Begin PBXProject section */
		70B180792911FCD9000E9DAE /* Project object */ = {
			isa = PBXProject;
			attributes = {
				BuildIndependentTargetsInParallel = 1;
				LastSwiftUpdateCheck = 1400;
				LastUpgradeCheck = 1400;
				TargetAttributes = {
					70B180802911FCD9000E9DAE = {
						CreatedOnToolsVersion = 14.0;
					};
				};
			};
			buildConfigurationList = 70B1807C2911FCD9000E9DAE /* Build configuration list for PBXProject "UnderstandingUIViewMerge" */;
			compatibilityVersion = "Xcode 14.0";
			developmentRegion = en;
			hasScannedForEncodings = 0;
			knownRegions = (
				en,
				Base,
			);
			mainGroup = 70B180782911FCD9000E9DAE;
			productRefGroup = 70B180822911FCD9000E9DAE /* Products */;
			projectDirPath = "";
			projectRoot = "";
			targets = (
				70B180802911FCD9000E9DAE /* UnderstandingUIViewMerge */,
			);
		};
/* End PBXProject section */

/* Begin PBXResourcesBuildPhase section */
		70B1807F2911FCD9000E9DAE /* Resources */ = {
			isa = PBXResourcesBuildPhase;
			buildActionMask = 2147483647;
			files = (
				70B1808C2911FCD9000E9DAE /* Preview Assets.xcassets in Resources */,
				70B180892911FCD9000E9DAE /* Assets.xcassets in Resources */,
			);
			runOnlyForDeploymentPostprocessing = 0;
		};
/* End PBXResourcesBuildPhase section */

/* Begin PBXSourcesBuildPhase section */
		70B1807D2911FCD9000E9DAE /* Sources */ = {
			isa = PBXSourcesBuildPhase;
			buildActionMask = 2147483647;
			files = (
				70B180872911FCD9000E9DAE /* ContentView.swift in Sources */,
				70B1809529120FBF000E9DAE /* UIImagePicker.swift in Sources */,
				70B180932911FCFF000E9DAE /* UIView.swift in Sources */,
				7087C50B291225800006705B /* MapTabView.swift in Sources */,
				70B180852911FCD9000E9DAE /* UnderstandingUIViewMergeApp.swift in Sources */,
				70B1809D29122539000E9DAE /* WebTabView.swift in Sources */,
				70B1809729121088000E9DAE /* ImagePickerView.swift in Sources */,
				7087C50D291228500006705B /* UIWebView.swift in Sources */,
				70B180992912236E000E9DAE /* MergingWebAndMapView.swift in Sources */,
			);
			runOnlyForDeploymentPostprocessing = 0;
		};
/* End PBXSourcesBuildPhase section */

/* Begin XCBuildConfiguration section */
		70B1808D2911FCD9000E9DAE /* Debug */ = {
			isa = XCBuildConfiguration;
			buildSettings = {
				ALWAYS_SEARCH_USER_PATHS = NO;
				CLANG_ANALYZER_NONNULL = YES;
				CLANG_ANALYZER_NUMBER_OBJECT_CONVERSION = YES_AGGRESSIVE;
				CLANG_CXX_LANGUAGE_STANDARD = "gnu++20";
				CLANG_ENABLE_MODULES = YES;
				CLANG_ENABLE_OBJC_ARC = YES;
				CLANG_ENABLE_OBJC_WEAK = YES;
				CLANG_WARN_BLOCK_CAPTURE_AUTORELEASING = YES;
				CLANG_WARN_BOOL_CONVERSION = YES;
				CLANG_WARN_COMMA = YES;
				CLANG_WARN_CONSTANT_CONVERSION = YES;
				CLANG_WARN_DEPRECATED_OBJC_IMPLEMENTATIONS = YES;
				CLANG_WARN_DIRECT_OBJC_ISA_USAGE = YES_ERROR;
				CLANG_WARN_DOCUMENTATION_COMMENTS = YES;
				CLANG_WARN_EMPTY_BODY = YES;
				CLANG_WARN_ENUM_CONVERSION = YES;
				CLANG_WARN_INFINITE_RECURSION = YES;
				CLANG_WARN_INT_CONVERSION = YES;
				CLANG_WARN_NON_LITERAL_NULL_CONVERSION = YES;
				CLANG_WARN_OBJC_IMPLICIT_RETAIN_SELF = YES;
				CLANG_WARN_OBJC_LITERAL_CONVERSION = YES;
				CLANG_WARN_OBJC_ROOT_CLASS = YES_ERROR;
				CLANG_WARN_QUOTED_INCLUDE_IN_FRAMEWORK_HEADER = YES;
				CLANG_WARN_RANGE_LOOP_ANALYSIS = YES;
				CLANG_WARN_STRICT_PROTOTYPES = YES;
				CLANG_WARN_SUSPICIOUS_MOVE = YES;
				CLANG_WARN_UNGUARDED_AVAILABILITY = YES_AGGRESSIVE;
				CLANG_WARN_UNREACHABLE_CODE = YES;
				CLANG_WARN__DUPLICATE_METHOD_MATCH = YES;
				COPY_PHASE_STRIP = NO;
				DEBUG_INFORMATION_FORMAT = dwarf;
				ENABLE_STRICT_OBJC_MSGSEND = YES;
				ENABLE_TESTABILITY = YES;
				GCC_C_LANGUAGE_STANDARD = gnu11;
				GCC_DYNAMIC_NO_PIC = NO;
				GCC_NO_COMMON_BLOCKS = YES;
				GCC_OPTIMIZATION_LEVEL = 0;
				GCC_PREPROCESSOR_DEFINITIONS = (
					"DEBUG=1",
					"$(inherited)",
				);
				GCC_WARN_64_TO_32_BIT_CONVERSION = YES;
				GCC_WARN_ABOUT_RETURN_TYPE = YES_ERROR;
				GCC_WARN_UNDECLARED_SELECTOR = YES;
				GCC_WARN_UNINITIALIZED_AUTOS = YES_AGGRESSIVE;
				GCC_WARN_UNUSED_FUNCTION = YES;
				GCC_WARN_UNUSED_VARIABLE = YES;
				IPHONEOS_DEPLOYMENT_TARGET = 16.0;
				MTL_ENABLE_DEBUG_INFO = INCLUDE_SOURCE;
				MTL_FAST_MATH = YES;
				ONLY_ACTIVE_ARCH = YES;
				SDKROOT = iphoneos;
				SWIFT_ACTIVE_COMPILATION_CONDITIONS = DEBUG;
				SWIFT_OPTIMIZATION_LEVEL = "-Onone";
			};
			name = Debug;
		};
		70B1808E2911FCD9000E9DAE /* Release */ = {
			isa = XCBuildConfiguration;
			buildSettings = {
				ALWAYS_SEARCH_USER_PATHS = NO;
				CLANG_ANALYZER_NONNULL = YES;
				CLANG_ANALYZER_NUMBER_OBJECT_CONVERSION = YES_AGGRESSIVE;
				CLANG_CXX_LANGUAGE_STANDARD = "gnu++20";
				CLANG_ENABLE_MODULES = YES;
				CLANG_ENABLE_OBJC_ARC = YES;
				CLANG_ENABLE_OBJC_WEAK = YES;
				CLANG_WARN_BLOCK_CAPTURE_AUTORELEASING = YES;
				CLANG_WARN_BOOL_CONVERSION = YES;
				CLANG_WARN_COMMA = YES;
				CLANG_WARN_CONSTANT_CONVERSION = YES;
				CLANG_WARN_DEPRECATED_OBJC_IMPLEMENTATIONS = YES;
				CLANG_WARN_DIRECT_OBJC_ISA_USAGE = YES_ERROR;
				CLANG_WARN_DOCUMENTATION_COMMENTS = YES;
				CLANG_WARN_EMPTY_BODY = YES;
				CLANG_WARN_ENUM_CONVERSION = YES;
				CLANG_WARN_INFINITE_RECURSION = YES;
				CLANG_WARN_INT_CONVERSION = YES;
				CLANG_WARN_NON_LITERAL_NULL_CONVERSION = YES;
				CLANG_WARN_OBJC_IMPLICIT_RETAIN_SELF = YES;
				CLANG_WARN_OBJC_LITERAL_CONVERSION = YES;
				CLANG_WARN_OBJC_ROOT_CLASS = YES_ERROR;
				CLANG_WARN_QUOTED_INCLUDE_IN_FRAMEWORK_HEADER = YES;
				CLANG_WARN_RANGE_LOOP_ANALYSIS = YES;
				CLANG_WARN_STRICT_PROTOTYPES = YES;
				CLANG_WARN_SUSPICIOUS_MOVE = YES;
				CLANG_WARN_UNGUARDED_AVAILABILITY = YES_AGGRESSIVE;
				CLANG_WARN_UNREACHABLE_CODE = YES;
				CLANG_WARN__DUPLICATE_METHOD_MATCH = YES;
				COPY_PHASE_STRIP = NO;
				DEBUG_INFORMATION_FORMAT = "dwarf-with-dsym";
				ENABLE_NS_ASSERTIONS = NO;
				ENABLE_STRICT_OBJC_MSGSEND = YES;
				GCC_C_LANGUAGE_STANDARD = gnu11;
				GCC_NO_COMMON_BLOCKS = YES;
				GCC_WARN_64_TO_32_BIT_CONVERSION = YES;
				GCC_WARN_ABOUT_RETURN_TYPE = YES_ERROR;
				GCC_WARN_UNDECLARED_SELECTOR = YES;
				GCC_WARN_UNINITIALIZED_AUTOS = YES_AGGRESSIVE;
				GCC_WARN_UNUSED_FUNCTION = YES;
				GCC_WARN_UNUSED_VARIABLE = YES;
				IPHONEOS_DEPLOYMENT_TARGET = 16.0;
				MTL_ENABLE_DEBUG_INFO = NO;
				MTL_FAST_MATH = YES;
				SDKROOT = iphoneos;
				SWIFT_COMPILATION_MODE = wholemodule;
				SWIFT_OPTIMIZATION_LEVEL = "-O";
				VALIDATE_PRODUCT = YES;
			};
			name = Release;
		};
		70B180902911FCD9000E9DAE /* Debug */ = {
			isa = XCBuildConfiguration;
			buildSettings = {
				ASSETCATALOG_COMPILER_APPICON_NAME = AppIcon;
				ASSETCATALOG_COMPILER_GLOBAL_ACCENT_COLOR_NAME = AccentColor;
				CODE_SIGN_STYLE = Automatic;
				CURRENT_PROJECT_VERSION = 1;
				DEVELOPMENT_ASSET_PATHS = "\"UnderstandingUIViewMerge/Preview Content\"";
				DEVELOPMENT_TEAM = 67M6ZS7KS6;
				ENABLE_PREVIEWS = YES;
				GENERATE_INFOPLIST_FILE = YES;
				INFOPLIST_KEY_UIApplicationSceneManifest_Generation = YES;
				INFOPLIST_KEY_UIApplicationSupportsIndirectInputEvents = YES;
				INFOPLIST_KEY_UILaunchScreen_Generation = YES;
				INFOPLIST_KEY_UISupportedInterfaceOrientations_iPad = "UIInterfaceOrientationPortrait UIInterfaceOrientationPortraitUpsideDown UIInterfaceOrientationLandscapeLeft UIInterfaceOrientationLandscapeRight";
				INFOPLIST_KEY_UISupportedInterfaceOrientations_iPhone = "UIInterfaceOrientationPortrait UIInterfaceOrientationLandscapeLeft UIInterfaceOrientationLandscapeRight";
				LD_RUNPATH_SEARCH_PATHS = (
					"$(inherited)",
					"@executable_path/Frameworks",
				);
				MARKETING_VERSION = 1.0;
				PRODUCT_BUNDLE_IDENTIFIER = valse.UnderstandingUIViewMerge;
				PRODUCT_NAME = "$(TARGET_NAME)";
				SWIFT_EMIT_LOC_STRINGS = YES;
				SWIFT_VERSION = 5.0;
				TARGETED_DEVICE_FAMILY = "1,2";
			};
			name = Debug;
		};
		70B180912911FCD9000E9DAE /* Release */ = {
			isa = XCBuildConfiguration;
			buildSettings = {
				ASSETCATALOG_COMPILER_APPICON_NAME = AppIcon;
				ASSETCATALOG_COMPILER_GLOBAL_ACCENT_COLOR_NAME = AccentColor;
				CODE_SIGN_STYLE = Automatic;
				CURRENT_PROJECT_VERSION = 1;
				DEVELOPMENT_ASSET_PATHS = "\"UnderstandingUIViewMerge/Preview Content\"";
				DEVELOPMENT_TEAM = 67M6ZS7KS6;
				ENABLE_PREVIEWS = YES;
				GENERATE_INFOPLIST_FILE = YES;
				INFOPLIST_KEY_UIApplicationSceneManifest_Generation = YES;
				INFOPLIST_KEY_UIApplicationSupportsIndirectInputEvents = YES;
				INFOPLIST_KEY_UILaunchScreen_Generation = YES;
				INFOPLIST_KEY_UISupportedInterfaceOrientations_iPad = "UIInterfaceOrientationPortrait UIInterfaceOrientationPortraitUpsideDown UIInterfaceOrientationLandscapeLeft UIInterfaceOrientationLandscapeRight";
				INFOPLIST_KEY_UISupportedInterfaceOrientations_iPhone = "UIInterfaceOrientationPortrait UIInterfaceOrientationLandscapeLeft UIInterfaceOrientationLandscapeRight";
				LD_RUNPATH_SEARCH_PATHS = (
					"$(inherited)",
					"@executable_path/Frameworks",
				);
				MARKETING_VERSION = 1.0;
				PRODUCT_BUNDLE_IDENTIFIER = valse.UnderstandingUIViewMerge;
				PRODUCT_NAME = "$(TARGET_NAME)";
				SWIFT_EMIT_LOC_STRINGS = YES;
				SWIFT_VERSION = 5.0;
				TARGETED_DEVICE_FAMILY = "1,2";
			};
			name = Release;
		};
/* End XCBuildConfiguration section */

/* Begin XCConfigurationList section */
		70B1807C2911FCD9000E9DAE /* Build configuration list for PBXProject "UnderstandingUIViewMerge" */ = {
			isa = XCConfigurationList;
			buildConfigurations = (
				70B1808D2911FCD9000E9DAE /* Debug */,
				70B1808E2911FCD9000E9DAE /* Release */,
			);
			defaultConfigurationIsVisible = 0;
			defaultConfigurationName = Release;
		};
		70B1808F2911FCD9000E9DAE /* Build configuration list for PBXNativeTarget "UnderstandingUIViewMerge" */ = {
			isa = XCConfigurationList;
			buildConfigurations = (
				70B180902911FCD9000E9DAE /* Debug */,
				70B180912911FCD9000E9DAE /* Release */,
			);
			defaultConfigurationIsVisible = 0;
			defaultConfigurationName = Release;
		};
/* End XCConfigurationList section */
	};
	rootObject = 70B180792911FCD9000E9DAE /* Project object */;
}
