// !$*UTF8*$!
{
	archiveVersion = 1;
	classes = {
	};
	objectVersion = 56;
	objects = {

/* Begin PBXBuildFile section */
		70ABBACE290F4D9500F6E888 /* UnderstandingAnimationApp.swift in Sources */ = {isa = PBXBuildFile; fileRef = 70ABBACD290F4D9500F6E888 /* UnderstandingAnimationApp.swift */; };
		70ABBAD0290F4D9500F6E888 /* ContentView.swift in Sources */ = {isa = PBXBuildFile; fileRef = 70ABBACF290F4D9500F6E888 /* ContentView.swift */; };
		70ABBAD2290F4D9600F6E888 /* Assets.xcassets in Resources */ = {isa = PBXBuildFile; fileRef = 70ABBAD1290F4D9600F6E888 /* Assets.xcassets */; };
		70ABBAD5290F4D9600F6E888 /* Preview Assets.xcassets in Resources */ = {isa = PBXBuildFile; fileRef = 70ABBAD4290F4D9600F6E888 /* Preview Assets.xcassets */; };
		70ABBADC290F5AA700F6E888 /* ExplicitAnimationView.swift in Sources */ = {isa = PBXBuildFile; fileRef = 70ABBADB290F5AA700F6E888 /* ExplicitAnimationView.swift */; };
		70ABBADE290F683B00F6E888 /* Transition.swift in Sources */ = {isa = PBXBuildFile; fileRef = 70ABBADD290F683B00F6E888 /* Transition.swift */; };
		70ABBAE2290F6D4400F6E888 /* Home.swift in Sources */ = {isa = PBXBuildFile; fileRef = 70ABBAE1290F6D4400F6E888 /* Home.swift */; };
		70ABBAE5290F6D6600F6E888 /* EachChartView.swift in Sources */ = {isa = PBXBuildFile; fileRef = 70ABBAE4290F6D6600F6E888 /* EachChartView.swift */; };
/* End PBXBuildFile section */

/* Begin PBXFileReference section */
		70ABBACA290F4D9500F6E888 /* UnderstandingAnimation.app */ = {isa = PBXFileReference; explicitFileType = wrapper.application; includeInIndex = 0; path = UnderstandingAnimation.app; sourceTree = BUILT_PRODUCTS_DIR; };
		70ABBACD290F4D9500F6E888 /* UnderstandingAnimationApp.swift */ = {isa = PBXFileReference; lastKnownFileType = sourcecode.swift; path = UnderstandingAnimationApp.swift; sourceTree = "<group>"; };
		70ABBACF290F4D9500F6E888 /* ContentView.swift */ = {isa = PBXFileReference; lastKnownFileType = sourcecode.swift; path = ContentView.swift; sourceTree = "<group>"; };
		70ABBAD1290F4D9600F6E888 /* Assets.xcassets */ = {isa = PBXFileReference; lastKnownFileType = folder.assetcatalog; path = Assets.xcassets; sourceTree = "<group>"; };
		70ABBAD4290F4D9600F6E888 /* Preview Assets.xcassets */ = {isa = PBXFileReference; lastKnownFileType = folder.assetcatalog; path = "Preview Assets.xcassets"; sourceTree = "<group>"; };
		70ABBADB290F5AA700F6E888 /* ExplicitAnimationView.swift */ = {isa = PBXFileReference; lastKnownFileType = sourcecode.swift; path = ExplicitAnimationView.swift; sourceTree = "<group>"; };
		70ABBADD290F683B00F6E888 /* Transition.swift */ = {isa = PBXFileReference; lastKnownFileType = sourcecode.swift; path = Transition.swift; sourceTree = "<group>"; };
		70ABBAE1290F6D4400F6E888 /* Home.swift */ = {isa = PBXFileReference; lastKnownFileType = sourcecode.swift; path = Home.swift; sourceTree = "<group>"; };
		70ABBAE4290F6D6600F6E888 /* EachChartView.swift */ = {isa = PBXFileReference; lastKnownFileType = sourcecode.swift; path = EachChartView.swift; sourceTree = "<group>"; };
/* End PBXFileReference section */

/* Begin PBXFrameworksBuildPhase section */
		70ABBAC7290F4D9500F6E888 /* Frameworks */ = {
			isa = PBXFrameworksBuildPhase;
			buildActionMask = 2147483647;
			files = (
			);
			runOnlyForDeploymentPostprocessing = 0;
		};
/* End PBXFrameworksBuildPhase section */

/* Begin PBXGroup section */
		70ABBAC1290F4D9500F6E888 = {
			isa = PBXGroup;
			children = (
				70ABBACC290F4D9500F6E888 /* UnderstandingAnimation */,
				70ABBACB290F4D9500F6E888 /* Products */,
			);
			sourceTree = "<group>";
		};
		70ABBACB290F4D9500F6E888 /* Products */ = {
			isa = PBXGroup;
			children = (
				70ABBACA290F4D9500F6E888 /* UnderstandingAnimation.app */,
			);
			name = Products;
			sourceTree = "<group>";
		};
		70ABBACC290F4D9500F6E888 /* UnderstandingAnimation */ = {
			isa = PBXGroup;
			children = (
				70ABBAE0290F6D1D00F6E888 /* GraphAnimation */,
				70ABBADF290F6D1400F6E888 /* Practice */,
				70ABBAD1290F4D9600F6E888 /* Assets.xcassets */,
				70ABBAD3290F4D9600F6E888 /* Preview Content */,
			);
			path = UnderstandingAnimation;
			sourceTree = "<group>";
		};
		70ABBAD3290F4D9600F6E888 /* Preview Content */ = {
			isa = PBXGroup;
			children = (
				70ABBAD4290F4D9600F6E888 /* Preview Assets.xcassets */,
			);
			path = "Preview Content";
			sourceTree = "<group>";
		};
		70ABBADF290F6D1400F6E888 /* Practice */ = {
			isa = PBXGroup;
			children = (
				70ABBACF290F4D9500F6E888 /* ContentView.swift */,
				70ABBADB290F5AA700F6E888 /* ExplicitAnimationView.swift */,
				70ABBADD290F683B00F6E888 /* Transition.swift */,
			);
			path = Practice;
			sourceTree = "<group>";
		};
		70ABBAE0290F6D1D00F6E888 /* GraphAnimation */ = {
			isa = PBXGroup;
			children = (
				70ABBACD290F4D9500F6E888 /* UnderstandingAnimationApp.swift */,
				70ABBAE1290F6D4400F6E888 /* Home.swift */,
				70ABBAE4290F6D6600F6E888 /* EachChartView.swift */,
			);
			path = GraphAnimation;
			sourceTree = "<group>";
		};
/* End PBXGroup section */

/* Begin PBXNativeTarget section */
		70ABBAC9290F4D9500F6E888 /* UnderstandingAnimation */ = {
			isa = PBXNativeTarget;
			buildConfigurationList = 70ABBAD8290F4D9600F6E888 /* Build configuration list for PBXNativeTarget "UnderstandingAnimation" */;
			buildPhases = (
				70ABBAC6290F4D9500F6E888 /* Sources */,
				70ABBAC7290F4D9500F6E888 /* Frameworks */,
				70ABBAC8290F4D9500F6E888 /* Resources */,
			);
			buildRules = (
			);
			dependencies = (
			);
			name = UnderstandingAnimation;
			productName = UnderstandingAnimation;
			productReference = 70ABBACA290F4D9500F6E888 /* UnderstandingAnimation.app */;
			productType = "com.apple.product-type.application";
		};
/* End PBXNativeTarget section */

/* Begin PBXProject section */
		70ABBAC2290F4D9500F6E888 /* Project object */ = {
			isa = PBXProject;
			attributes = {
				BuildIndependentTargetsInParallel = 1;
				LastSwiftUpdateCheck = 1400;
				LastUpgradeCheck = 1400;
				TargetAttributes = {
					70ABBAC9290F4D9500F6E888 = {
						CreatedOnToolsVersion = 14.0;
					};
				};
			};
			buildConfigurationList = 70ABBAC5290F4D9500F6E888 /* Build configuration list for PBXProject "UnderstandingAnimation" */;
			compatibilityVersion = "Xcode 14.0";
			developmentRegion = en;
			hasScannedForEncodings = 0;
			knownRegions = (
				en,
				Base,
			);
			mainGroup = 70ABBAC1290F4D9500F6E888;
			productRefGroup = 70ABBACB290F4D9500F6E888 /* Products */;
			projectDirPath = "";
			projectRoot = "";
			targets = (
				70ABBAC9290F4D9500F6E888 /* UnderstandingAnimation */,
			);
		};
/* End PBXProject section */

/* Begin PBXResourcesBuildPhase section */
		70ABBAC8290F4D9500F6E888 /* Resources */ = {
			isa = PBXResourcesBuildPhase;
			buildActionMask = 2147483647;
			files = (
				70ABBAD5290F4D9600F6E888 /* Preview Assets.xcassets in Resources */,
				70ABBAD2290F4D9600F6E888 /* Assets.xcassets in Resources */,
			);
			runOnlyForDeploymentPostprocessing = 0;
		};
/* End PBXResourcesBuildPhase section */

/* Begin PBXSourcesBuildPhase section */
		70ABBAC6290F4D9500F6E888 /* Sources */ = {
			isa = PBXSourcesBuildPhase;
			buildActionMask = 2147483647;
			files = (
				70ABBADC290F5AA700F6E888 /* ExplicitAnimationView.swift in Sources */,
				70ABBAD0290F4D9500F6E888 /* ContentView.swift in Sources */,
				70ABBAE2290F6D4400F6E888 /* Home.swift in Sources */,
				70ABBADE290F683B00F6E888 /* Transition.swift in Sources */,
				70ABBACE290F4D9500F6E888 /* UnderstandingAnimationApp.swift in Sources */,
				70ABBAE5290F6D6600F6E888 /* EachChartView.swift in Sources */,
			);
			runOnlyForDeploymentPostprocessing = 0;
		};
/* End PBXSourcesBuildPhase section */

/* Begin XCBuildConfiguration section */
		70ABBAD6290F4D9600F6E888 /* Debug */ = {
			isa = XCBuildConfiguration;
			buildSettings = {
				ALWAYS_SEARCH_USER_PATHS = NO;
				CLANG_ANALYZER_NONNULL = YES;
				CLANG_ANALYZER_NUMBER_OBJECT_CONVERSION = YES_AGGRESSIVE;
				CLANG_CXX_LANGUAGE_STANDARD = "gnu++20";
				CLANG_ENABLE_MODULES = YES;
				CLANG_ENABLE_OBJC_ARC = YES;
				CLANG_ENABLE_OBJC_WEAK = YES;
				CLANG_WARN_BLOCK_CAPTURE_AUTORELEASING = YES;
				CLANG_WARN_BOOL_CONVERSION = YES;
				CLANG_WARN_COMMA = YES;
				CLANG_WARN_CONSTANT_CONVERSION = YES;
				CLANG_WARN_DEPRECATED_OBJC_IMPLEMENTATIONS = YES;
				CLANG_WARN_DIRECT_OBJC_ISA_USAGE = YES_ERROR;
				CLANG_WARN_DOCUMENTATION_COMMENTS = YES;
				CLANG_WARN_EMPTY_BODY = YES;
				CLANG_WARN_ENUM_CONVERSION = YES;
				CLANG_WARN_INFINITE_RECURSION = YES;
				CLANG_WARN_INT_CONVERSION = YES;
				CLANG_WARN_NON_LITERAL_NULL_CONVERSION = YES;
				CLANG_WARN_OBJC_IMPLICIT_RETAIN_SELF = YES;
				CLANG_WARN_OBJC_LITERAL_CONVERSION = YES;
				CLANG_WARN_OBJC_ROOT_CLASS = YES_ERROR;
				CLANG_WARN_QUOTED_INCLUDE_IN_FRAMEWORK_HEADER = YES;
				CLANG_WARN_RANGE_LOOP_ANALYSIS = YES;
				CLANG_WARN_STRICT_PROTOTYPES = YES;
				CLANG_WARN_SUSPICIOUS_MOVE = YES;
				CLANG_WARN_UNGUARDED_AVAILABILITY = YES_AGGRESSIVE;
				CLANG_WARN_UNREACHABLE_CODE = YES;
				CLANG_WARN__DUPLICATE_METHOD_MATCH = YES;
				COPY_PHASE_STRIP = NO;
				DEBUG_INFORMATION_FORMAT = dwarf;
				ENABLE_STRICT_OBJC_MSGSEND = YES;
				ENABLE_TESTABILITY = YES;
				GCC_C_LANGUAGE_STANDARD = gnu11;
				GCC_DYNAMIC_NO_PIC = NO;
				GCC_NO_COMMON_BLOCKS = YES;
				GCC_OPTIMIZATION_LEVEL = 0;
				GCC_PREPROCESSOR_DEFINITIONS = (
					"DEBUG=1",
					"$(inherited)",
				);
				GCC_WARN_64_TO_32_BIT_CONVERSION = YES;
				GCC_WARN_ABOUT_RETURN_TYPE = YES_ERROR;
				GCC_WARN_UNDECLARED_SELECTOR = YES;
				GCC_WARN_UNINITIALIZED_AUTOS = YES_AGGRESSIVE;
				GCC_WARN_UNUSED_FUNCTION = YES;
				GCC_WARN_UNUSED_VARIABLE = YES;
				IPHONEOS_DEPLOYMENT_TARGET = 16.0;
				MTL_ENABLE_DEBUG_INFO = INCLUDE_SOURCE;
				MTL_FAST_MATH = YES;
				ONLY_ACTIVE_ARCH = YES;
				SDKROOT = iphoneos;
				SWIFT_ACTIVE_COMPILATION_CONDITIONS = DEBUG;
				SWIFT_OPTIMIZATION_LEVEL = "-Onone";
			};
			name = Debug;
		};
		70ABBAD7290F4D9600F6E888 /* Release */ = {
			isa = XCBuildConfiguration;
			buildSettings = {
				ALWAYS_SEARCH_USER_PATHS = NO;
				CLANG_ANALYZER_NONNULL = YES;
				CLANG_ANALYZER_NUMBER_OBJECT_CONVERSION = YES_AGGRESSIVE;
				CLANG_CXX_LANGUAGE_STANDARD = "gnu++20";
				CLANG_ENABLE_MODULES = YES;
				CLANG_ENABLE_OBJC_ARC = YES;
				CLANG_ENABLE_OBJC_WEAK = YES;
				CLANG_WARN_BLOCK_CAPTURE_AUTORELEASING = YES;
				CLANG_WARN_BOOL_CONVERSION = YES;
				CLANG_WARN_COMMA = YES;
				CLANG_WARN_CONSTANT_CONVERSION = YES;
				CLANG_WARN_DEPRECATED_OBJC_IMPLEMENTATIONS = YES;
				CLANG_WARN_DIRECT_OBJC_ISA_USAGE = YES_ERROR;
				CLANG_WARN_DOCUMENTATION_COMMENTS = YES;
				CLANG_WARN_EMPTY_BODY = YES;
				CLANG_WARN_ENUM_CONVERSION = YES;
				CLANG_WARN_INFINITE_RECURSION = YES;
				CLANG_WARN_INT_CONVERSION = YES;
				CLANG_WARN_NON_LITERAL_NULL_CONVERSION = YES;
				CLANG_WARN_OBJC_IMPLICIT_RETAIN_SELF = YES;
				CLANG_WARN_OBJC_LITERAL_CONVERSION = YES;
				CLANG_WARN_OBJC_ROOT_CLASS = YES_ERROR;
				CLANG_WARN_QUOTED_INCLUDE_IN_FRAMEWORK_HEADER = YES;
				CLANG_WARN_RANGE_LOOP_ANALYSIS = YES;
				CLANG_WARN_STRICT_PROTOTYPES = YES;
				CLANG_WARN_SUSPICIOUS_MOVE = YES;
				CLANG_WARN_UNGUARDED_AVAILABILITY = YES_AGGRESSIVE;
				CLANG_WARN_UNREACHABLE_CODE = YES;
				CLANG_WARN__DUPLICATE_METHOD_MATCH = YES;
				COPY_PHASE_STRIP = NO;
				DEBUG_INFORMATION_FORMAT = "dwarf-with-dsym";
				ENABLE_NS_ASSERTIONS = NO;
				ENABLE_STRICT_OBJC_MSGSEND = YES;
				GCC_C_LANGUAGE_STANDARD = gnu11;
				GCC_NO_COMMON_BLOCKS = YES;
				GCC_WARN_64_TO_32_BIT_CONVERSION = YES;
				GCC_WARN_ABOUT_RETURN_TYPE = YES_ERROR;
				GCC_WARN_UNDECLARED_SELECTOR = YES;
				GCC_WARN_UNINITIALIZED_AUTOS = YES_AGGRESSIVE;
				GCC_WARN_UNUSED_FUNCTION = YES;
				GCC_WARN_UNUSED_VARIABLE = YES;
				IPHONEOS_DEPLOYMENT_TARGET = 16.0;
				MTL_ENABLE_DEBUG_INFO = NO;
				MTL_FAST_MATH = YES;
				SDKROOT = iphoneos;
				SWIFT_COMPILATION_MODE = wholemodule;
				SWIFT_OPTIMIZATION_LEVEL = "-O";
				VALIDATE_PRODUCT = YES;
			};
			name = Release;
		};
		70ABBAD9290F4D9600F6E888 /* Debug */ = {
			isa = XCBuildConfiguration;
			buildSettings = {
				ASSETCATALOG_COMPILER_APPICON_NAME = AppIcon;
				ASSETCATALOG_COMPILER_GLOBAL_ACCENT_COLOR_NAME = AccentColor;
				CODE_SIGN_STYLE = Automatic;
				CURRENT_PROJECT_VERSION = 1;
				DEVELOPMENT_ASSET_PATHS = "\"UnderstandingAnimation/Preview Content\"";
				DEVELOPMENT_TEAM = 67M6ZS7KS6;
				ENABLE_PREVIEWS = YES;
				GENERATE_INFOPLIST_FILE = YES;
				INFOPLIST_KEY_UIApplicationSceneManifest_Generation = YES;
				INFOPLIST_KEY_UIApplicationSupportsIndirectInputEvents = YES;
				INFOPLIST_KEY_UILaunchScreen_Generation = YES;
				INFOPLIST_KEY_UISupportedInterfaceOrientations_iPad = "UIInterfaceOrientationPortrait UIInterfaceOrientationPortraitUpsideDown UIInterfaceOrientationLandscapeLeft UIInterfaceOrientationLandscapeRight";
				INFOPLIST_KEY_UISupportedInterfaceOrientations_iPhone = "UIInterfaceOrientationPortrait UIInterfaceOrientationLandscapeLeft UIInterfaceOrientationLandscapeRight";
				LD_RUNPATH_SEARCH_PATHS = (
					"$(inherited)",
					"@executable_path/Frameworks",
				);
				MARKETING_VERSION = 1.0;
				PRODUCT_BUNDLE_IDENTIFIER = valse.UnderstandingAnimation;
				PRODUCT_NAME = "$(TARGET_NAME)";
				SWIFT_EMIT_LOC_STRINGS = YES;
				SWIFT_VERSION = 5.0;
				TARGETED_DEVICE_FAMILY = "1,2";
			};
			name = Debug;
		};
		70ABBADA290F4D9600F6E888 /* Release */ = {
			isa = XCBuildConfiguration;
			buildSettings = {
				ASSETCATALOG_COMPILER_APPICON_NAME = AppIcon;
				ASSETCATALOG_COMPILER_GLOBAL_ACCENT_COLOR_NAME = AccentColor;
				CODE_SIGN_STYLE = Automatic;
				CURRENT_PROJECT_VERSION = 1;
				DEVELOPMENT_ASSET_PATHS = "\"UnderstandingAnimation/Preview Content\"";
				DEVELOPMENT_TEAM = 67M6ZS7KS6;
				ENABLE_PREVIEWS = YES;
				GENERATE_INFOPLIST_FILE = YES;
				INFOPLIST_KEY_UIApplicationSceneManifest_Generation = YES;
				INFOPLIST_KEY_UIApplicationSupportsIndirectInputEvents = YES;
				INFOPLIST_KEY_UILaunchScreen_Generation = YES;
				INFOPLIST_KEY_UISupportedInterfaceOrientations_iPad = "UIInterfaceOrientationPortrait UIInterfaceOrientationPortraitUpsideDown UIInterfaceOrientationLandscapeLeft UIInterfaceOrientationLandscapeRight";
				INFOPLIST_KEY_UISupportedInterfaceOrientations_iPhone = "UIInterfaceOrientationPortrait UIInterfaceOrientationLandscapeLeft UIInterfaceOrientationLandscapeRight";
				LD_RUNPATH_SEARCH_PATHS = (
					"$(inherited)",
					"@executable_path/Frameworks",
				);
				MARKETING_VERSION = 1.0;
				PRODUCT_BUNDLE_IDENTIFIER = valse.UnderstandingAnimation;
				PRODUCT_NAME = "$(TARGET_NAME)";
				SWIFT_EMIT_LOC_STRINGS = YES;
				SWIFT_VERSION = 5.0;
				TARGETED_DEVICE_FAMILY = "1,2";
			};
			name = Release;
		};
/* End XCBuildConfiguration section */

/* Begin XCConfigurationList section */
		70ABBAC5290F4D9500F6E888 /* Build configuration list for PBXProject "UnderstandingAnimation" */ = {
			isa = XCConfigurationList;
			buildConfigurations = (
				70ABBAD6290F4D9600F6E888 /* Debug */,
				70ABBAD7290F4D9600F6E888 /* Release */,
			);
			defaultConfigurationIsVisible = 0;
			defaultConfigurationName = Release;
		};
		70ABBAD8290F4D9600F6E888 /* Build configuration list for PBXNativeTarget "UnderstandingAnimation" */ = {
			isa = XCConfigurationList;
			buildConfigurations = (
				70ABBAD9290F4D9600F6E888 /* Debug */,
				70ABBADA290F4D9600F6E888 /* Release */,
			);
			defaultConfigurationIsVisible = 0;
			defaultConfigurationName = Release;
		};
/* End XCConfigurationList section */
	};
	rootObject = 70ABBAC2290F4D9500F6E888 /* Project object */;
}
