// !$*UTF8*$!
{
	archiveVersion = 1;
	classes = {
	};
	objectVersion = 56;
	objects = {

/* Begin PBXBuildFile section */
		700CB81B292C6F3C0059C92E /* networkTestApp.swift in Sources */ = {isa = PBXBuildFile; fileRef = 700CB81A292C6F3C0059C92E /* networkTestApp.swift */; };
		700CB81D292C6F3C0059C92E /* ContentView.swift in Sources */ = {isa = PBXBuildFile; fileRef = 700CB81C292C6F3C0059C92E /* ContentView.swift */; };
		700CB81F292C6F3D0059C92E /* Assets.xcassets in Resources */ = {isa = PBXBuildFile; fileRef = 700CB81E292C6F3D0059C92E /* Assets.xcassets */; };
		700CB822292C6F3D0059C92E /* Preview Assets.xcassets in Resources */ = {isa = PBXBuildFile; fileRef = 700CB821292C6F3D0059C92E /* Preview Assets.xcassets */; };
		700CB829292C6F460059C92E /* SeungjunNetwork.swift in Sources */ = {isa = PBXBuildFile; fileRef = 700CB828292C6F460059C92E /* SeungjunNetwork.swift */; };
		70310031292DB20F00C6DCEC /* MainHomeView.swift in Sources */ = {isa = PBXBuildFile; fileRef = 70310030292DB20F00C6DCEC /* MainHomeView.swift */; };
		70310034292DB69C00C6DCEC /* SiHyunNetwork.swift in Sources */ = {isa = PBXBuildFile; fileRef = 70310033292DB69C00C6DCEC /* SiHyunNetwork.swift */; };
		70310036292DBDED00C6DCEC /* SoHeeNetwork.swift in Sources */ = {isa = PBXBuildFile; fileRef = 70310035292DBDED00C6DCEC /* SoHeeNetwork.swift */; };
		70310038292DC02C00C6DCEC /* JooHeeNetwork.swift in Sources */ = {isa = PBXBuildFile; fileRef = 70310037292DC02C00C6DCEC /* JooHeeNetwork.swift */; };
		7031003A292DD4AF00C6DCEC /* HyejiNetwork.swift in Sources */ = {isa = PBXBuildFile; fileRef = 70310039292DD4AF00C6DCEC /* HyejiNetwork.swift */; };
/* End PBXBuildFile section */

/* Begin PBXFileReference section */
		700CB817292C6F3C0059C92E /* networkTest.app */ = {isa = PBXFileReference; explicitFileType = wrapper.application; includeInIndex = 0; path = networkTest.app; sourceTree = BUILT_PRODUCTS_DIR; };
		700CB81A292C6F3C0059C92E /* networkTestApp.swift */ = {isa = PBXFileReference; lastKnownFileType = sourcecode.swift; path = networkTestApp.swift; sourceTree = "<group>"; };
		700CB81C292C6F3C0059C92E /* ContentView.swift */ = {isa = PBXFileReference; lastKnownFileType = sourcecode.swift; path = ContentView.swift; sourceTree = "<group>"; };
		700CB81E292C6F3D0059C92E /* Assets.xcassets */ = {isa = PBXFileReference; lastKnownFileType = folder.assetcatalog; path = Assets.xcassets; sourceTree = "<group>"; };
		700CB821292C6F3D0059C92E /* Preview Assets.xcassets */ = {isa = PBXFileReference; lastKnownFileType = folder.assetcatalog; path = "Preview Assets.xcassets"; sourceTree = "<group>"; };
		700CB828292C6F460059C92E /* SeungjunNetwork.swift */ = {isa = PBXFileReference; lastKnownFileType = sourcecode.swift; path = SeungjunNetwork.swift; sourceTree = "<group>"; };
		70310030292DB20F00C6DCEC /* MainHomeView.swift */ = {isa = PBXFileReference; lastKnownFileType = sourcecode.swift; path = MainHomeView.swift; sourceTree = "<group>"; };
		70310033292DB69C00C6DCEC /* SiHyunNetwork.swift */ = {isa = PBXFileReference; lastKnownFileType = sourcecode.swift; path = SiHyunNetwork.swift; sourceTree = "<group>"; };
		70310035292DBDED00C6DCEC /* SoHeeNetwork.swift */ = {isa = PBXFileReference; lastKnownFileType = sourcecode.swift; path = SoHeeNetwork.swift; sourceTree = "<group>"; };
		70310037292DC02C00C6DCEC /* JooHeeNetwork.swift */ = {isa = PBXFileReference; lastKnownFileType = sourcecode.swift; path = JooHeeNetwork.swift; sourceTree = "<group>"; };
		70310039292DD4AF00C6DCEC /* HyejiNetwork.swift */ = {isa = PBXFileReference; lastKnownFileType = sourcecode.swift; path = HyejiNetwork.swift; sourceTree = "<group>"; };
/* End PBXFileReference section */

/* Begin PBXFrameworksBuildPhase section */
		700CB814292C6F3C0059C92E /* Frameworks */ = {
			isa = PBXFrameworksBuildPhase;
			buildActionMask = 2147483647;
			files = (
			);
			runOnlyForDeploymentPostprocessing = 0;
		};
/* End PBXFrameworksBuildPhase section */

/* Begin PBXGroup section */
		700CB80E292C6F3C0059C92E = {
			isa = PBXGroup;
			children = (
				700CB819292C6F3C0059C92E /* networkTest */,
				700CB818292C6F3C0059C92E /* Products */,
			);
			sourceTree = "<group>";
		};
		700CB818292C6F3C0059C92E /* Products */ = {
			isa = PBXGroup;
			children = (
				700CB817292C6F3C0059C92E /* networkTest.app */,
			);
			name = Products;
			sourceTree = "<group>";
		};
		700CB819292C6F3C0059C92E /* networkTest */ = {
			isa = PBXGroup;
			children = (
				700CB81A292C6F3C0059C92E /* networkTestApp.swift */,
				70310032292DB67800C6DCEC /* Network */,
				700CB81C292C6F3C0059C92E /* ContentView.swift */,
				70310030292DB20F00C6DCEC /* MainHomeView.swift */,
				700CB81E292C6F3D0059C92E /* Assets.xcassets */,
				700CB820292C6F3D0059C92E /* Preview Content */,
			);
			path = networkTest;
			sourceTree = "<group>";
		};
		700CB820292C6F3D0059C92E /* Preview Content */ = {
			isa = PBXGroup;
			children = (
				700CB821292C6F3D0059C92E /* Preview Assets.xcassets */,
			);
			path = "Preview Content";
			sourceTree = "<group>";
		};
		70310032292DB67800C6DCEC /* Network */ = {
			isa = PBXGroup;
			children = (
				700CB828292C6F460059C92E /* SeungjunNetwork.swift */,
				70310033292DB69C00C6DCEC /* SiHyunNetwork.swift */,
				70310035292DBDED00C6DCEC /* SoHeeNetwork.swift */,
				70310037292DC02C00C6DCEC /* JooHeeNetwork.swift */,
				70310039292DD4AF00C6DCEC /* HyejiNetwork.swift */,
			);
			path = Network;
			sourceTree = "<group>";
		};
/* End PBXGroup section */

/* Begin PBXNativeTarget section */
		700CB816292C6F3C0059C92E /* networkTest */ = {
			isa = PBXNativeTarget;
			buildConfigurationList = 700CB825292C6F3D0059C92E /* Build configuration list for PBXNativeTarget "networkTest" */;
			buildPhases = (
				700CB813292C6F3C0059C92E /* Sources */,
				700CB814292C6F3C0059C92E /* Frameworks */,
				700CB815292C6F3C0059C92E /* Resources */,
			);
			buildRules = (
			);
			dependencies = (
			);
			name = networkTest;
			productName = networkTest;
			productReference = 700CB817292C6F3C0059C92E /* networkTest.app */;
			productType = "com.apple.product-type.application";
		};
/* End PBXNativeTarget section */

/* Begin PBXProject section */
		700CB80F292C6F3C0059C92E /* Project object */ = {
			isa = PBXProject;
			attributes = {
				BuildIndependentTargetsInParallel = 1;
				LastSwiftUpdateCheck = 1410;
				LastUpgradeCheck = 1410;
				TargetAttributes = {
					700CB816292C6F3C0059C92E = {
						CreatedOnToolsVersion = 14.1;
					};
				};
			};
			buildConfigurationList = 700CB812292C6F3C0059C92E /* Build configuration list for PBXProject "networkTest" */;
			compatibilityVersion = "Xcode 14.0";
			developmentRegion = en;
			hasScannedForEncodings = 0;
			knownRegions = (
				en,
				Base,
			);
			mainGroup = 700CB80E292C6F3C0059C92E;
			productRefGroup = 700CB818292C6F3C0059C92E /* Products */;
			projectDirPath = "";
			projectRoot = "";
			targets = (
				700CB816292C6F3C0059C92E /* networkTest */,
			);
		};
/* End PBXProject section */

/* Begin PBXResourcesBuildPhase section */
		700CB815292C6F3C0059C92E /* Resources */ = {
			isa = PBXResourcesBuildPhase;
			buildActionMask = 2147483647;
			files = (
				700CB822292C6F3D0059C92E /* Preview Assets.xcassets in Resources */,
				700CB81F292C6F3D0059C92E /* Assets.xcassets in Resources */,
			);
			runOnlyForDeploymentPostprocessing = 0;
		};
/* End PBXResourcesBuildPhase section */

/* Begin PBXSourcesBuildPhase section */
		700CB813292C6F3C0059C92E /* Sources */ = {
			isa = PBXSourcesBuildPhase;
			buildActionMask = 2147483647;
			files = (
				7031003A292DD4AF00C6DCEC /* HyejiNetwork.swift in Sources */,
				70310038292DC02C00C6DCEC /* JooHeeNetwork.swift in Sources */,
				700CB81D292C6F3C0059C92E /* ContentView.swift in Sources */,
				70310036292DBDED00C6DCEC /* SoHeeNetwork.swift in Sources */,
				700CB81B292C6F3C0059C92E /* networkTestApp.swift in Sources */,
				70310031292DB20F00C6DCEC /* MainHomeView.swift in Sources */,
				700CB829292C6F460059C92E /* SeungjunNetwork.swift in Sources */,
				70310034292DB69C00C6DCEC /* SiHyunNetwork.swift in Sources */,
			);
			runOnlyForDeploymentPostprocessing = 0;
		};
/* End PBXSourcesBuildPhase section */

/* Begin XCBuildConfiguration section */
		700CB823292C6F3D0059C92E /* Debug */ = {
			isa = XCBuildConfiguration;
			buildSettings = {
				ALWAYS_SEARCH_USER_PATHS = NO;
				CLANG_ANALYZER_NONNULL = YES;
				CLANG_ANALYZER_NUMBER_OBJECT_CONVERSION = YES_AGGRESSIVE;
				CLANG_CXX_LANGUAGE_STANDARD = "gnu++20";
				CLANG_ENABLE_MODULES = YES;
				CLANG_ENABLE_OBJC_ARC = YES;
				CLANG_ENABLE_OBJC_WEAK = YES;
				CLANG_WARN_BLOCK_CAPTURE_AUTORELEASING = YES;
				CLANG_WARN_BOOL_CONVERSION = YES;
				CLANG_WARN_COMMA = YES;
				CLANG_WARN_CONSTANT_CONVERSION = YES;
				CLANG_WARN_DEPRECATED_OBJC_IMPLEMENTATIONS = YES;
				CLANG_WARN_DIRECT_OBJC_ISA_USAGE = YES_ERROR;
				CLANG_WARN_DOCUMENTATION_COMMENTS = YES;
				CLANG_WARN_EMPTY_BODY = YES;
				CLANG_WARN_ENUM_CONVERSION = YES;
				CLANG_WARN_INFINITE_RECURSION = YES;
				CLANG_WARN_INT_CONVERSION = YES;
				CLANG_WARN_NON_LITERAL_NULL_CONVERSION = YES;
				CLANG_WARN_OBJC_IMPLICIT_RETAIN_SELF = YES;
				CLANG_WARN_OBJC_LITERAL_CONVERSION = YES;
				CLANG_WARN_OBJC_ROOT_CLASS = YES_ERROR;
				CLANG_WARN_QUOTED_INCLUDE_IN_FRAMEWORK_HEADER = YES;
				CLANG_WARN_RANGE_LOOP_ANALYSIS = YES;
				CLANG_WARN_STRICT_PROTOTYPES = YES;
				CLANG_WARN_SUSPICIOUS_MOVE = YES;
				CLANG_WARN_UNGUARDED_AVAILABILITY = YES_AGGRESSIVE;
				CLANG_WARN_UNREACHABLE_CODE = YES;
				CLANG_WARN__DUPLICATE_METHOD_MATCH = YES;
				COPY_PHASE_STRIP = NO;
				DEBUG_INFORMATION_FORMAT = dwarf;
				ENABLE_STRICT_OBJC_MSGSEND = YES;
				ENABLE_TESTABILITY = YES;
				GCC_C_LANGUAGE_STANDARD = gnu11;
				GCC_DYNAMIC_NO_PIC = NO;
				GCC_NO_COMMON_BLOCKS = YES;
				GCC_OPTIMIZATION_LEVEL = 0;
				GCC_PREPROCESSOR_DEFINITIONS = (
					"DEBUG=1",
					"$(inherited)",
				);
				GCC_WARN_64_TO_32_BIT_CONVERSION = YES;
				GCC_WARN_ABOUT_RETURN_TYPE = YES_ERROR;
				GCC_WARN_UNDECLARED_SELECTOR = YES;
				GCC_WARN_UNINITIALIZED_AUTOS = YES_AGGRESSIVE;
				GCC_WARN_UNUSED_FUNCTION = YES;
				GCC_WARN_UNUSED_VARIABLE = YES;
				IPHONEOS_DEPLOYMENT_TARGET = 16.1;
				MTL_ENABLE_DEBUG_INFO = INCLUDE_SOURCE;
				MTL_FAST_MATH = YES;
				ONLY_ACTIVE_ARCH = YES;
				SDKROOT = iphoneos;
				SWIFT_ACTIVE_COMPILATION_CONDITIONS = DEBUG;
				SWIFT_OPTIMIZATION_LEVEL = "-Onone";
			};
			name = Debug;
		};
		700CB824292C6F3D0059C92E /* Release */ = {
			isa = XCBuildConfiguration;
			buildSettings = {
				ALWAYS_SEARCH_USER_PATHS = NO;
				CLANG_ANALYZER_NONNULL = YES;
				CLANG_ANALYZER_NUMBER_OBJECT_CONVERSION = YES_AGGRESSIVE;
				CLANG_CXX_LANGUAGE_STANDARD = "gnu++20";
				CLANG_ENABLE_MODULES = YES;
				CLANG_ENABLE_OBJC_ARC = YES;
				CLANG_ENABLE_OBJC_WEAK = YES;
				CLANG_WARN_BLOCK_CAPTURE_AUTORELEASING = YES;
				CLANG_WARN_BOOL_CONVERSION = YES;
				CLANG_WARN_COMMA = YES;
				CLANG_WARN_CONSTANT_CONVERSION = YES;
				CLANG_WARN_DEPRECATED_OBJC_IMPLEMENTATIONS = YES;
				CLANG_WARN_DIRECT_OBJC_ISA_USAGE = YES_ERROR;
				CLANG_WARN_DOCUMENTATION_COMMENTS = YES;
				CLANG_WARN_EMPTY_BODY = YES;
				CLANG_WARN_ENUM_CONVERSION = YES;
				CLANG_WARN_INFINITE_RECURSION = YES;
				CLANG_WARN_INT_CONVERSION = YES;
				CLANG_WARN_NON_LITERAL_NULL_CONVERSION = YES;
				CLANG_WARN_OBJC_IMPLICIT_RETAIN_SELF = YES;
				CLANG_WARN_OBJC_LITERAL_CONVERSION = YES;
				CLANG_WARN_OBJC_ROOT_CLASS = YES_ERROR;
				CLANG_WARN_QUOTED_INCLUDE_IN_FRAMEWORK_HEADER = YES;
				CLANG_WARN_RANGE_LOOP_ANALYSIS = YES;
				CLANG_WARN_STRICT_PROTOTYPES = YES;
				CLANG_WARN_SUSPICIOUS_MOVE = YES;
				CLANG_WARN_UNGUARDED_AVAILABILITY = YES_AGGRESSIVE;
				CLANG_WARN_UNREACHABLE_CODE = YES;
				CLANG_WARN__DUPLICATE_METHOD_MATCH = YES;
				COPY_PHASE_STRIP = NO;
				DEBUG_INFORMATION_FORMAT = "dwarf-with-dsym";
				ENABLE_NS_ASSERTIONS = NO;
				ENABLE_STRICT_OBJC_MSGSEND = YES;
				GCC_C_LANGUAGE_STANDARD = gnu11;
				GCC_NO_COMMON_BLOCKS = YES;
				GCC_WARN_64_TO_32_BIT_CONVERSION = YES;
				GCC_WARN_ABOUT_RETURN_TYPE = YES_ERROR;
				GCC_WARN_UNDECLARED_SELECTOR = YES;
				GCC_WARN_UNINITIALIZED_AUTOS = YES_AGGRESSIVE;
				GCC_WARN_UNUSED_FUNCTION = YES;
				GCC_WARN_UNUSED_VARIABLE = YES;
				IPHONEOS_DEPLOYMENT_TARGET = 16.1;
				MTL_ENABLE_DEBUG_INFO = NO;
				MTL_FAST_MATH = YES;
				SDKROOT = iphoneos;
				SWIFT_COMPILATION_MODE = wholemodule;
				SWIFT_OPTIMIZATION_LEVEL = "-O";
				VALIDATE_PRODUCT = YES;
			};
			name = Release;
		};
		700CB826292C6F3D0059C92E /* Debug */ = {
			isa = XCBuildConfiguration;
			buildSettings = {
				ASSETCATALOG_COMPILER_APPICON_NAME = AppIcon;
				ASSETCATALOG_COMPILER_GLOBAL_ACCENT_COLOR_NAME = AccentColor;
				CODE_SIGN_STYLE = Automatic;
				CURRENT_PROJECT_VERSION = 1;
				DEVELOPMENT_ASSET_PATHS = "\"networkTest/Preview Content\"";
				DEVELOPMENT_TEAM = 67M6ZS7KS6;
				ENABLE_PREVIEWS = YES;
				GENERATE_INFOPLIST_FILE = YES;
				INFOPLIST_KEY_UIApplicationSceneManifest_Generation = YES;
				INFOPLIST_KEY_UIApplicationSupportsIndirectInputEvents = YES;
				INFOPLIST_KEY_UILaunchScreen_Generation = YES;
				INFOPLIST_KEY_UISupportedInterfaceOrientations_iPad = "UIInterfaceOrientationPortrait UIInterfaceOrientationPortraitUpsideDown UIInterfaceOrientationLandscapeLeft UIInterfaceOrientationLandscapeRight";
				INFOPLIST_KEY_UISupportedInterfaceOrientations_iPhone = "UIInterfaceOrientationPortrait UIInterfaceOrientationLandscapeLeft UIInterfaceOrientationLandscapeRight";
				LD_RUNPATH_SEARCH_PATHS = (
					"$(inherited)",
					"@executable_path/Frameworks",
				);
				MARKETING_VERSION = 1.0;
				PRODUCT_BUNDLE_IDENTIFIER = valse.networkTest;
				PRODUCT_NAME = "$(TARGET_NAME)";
				SWIFT_EMIT_LOC_STRINGS = YES;
				SWIFT_VERSION = 5.0;
				TARGETED_DEVICE_FAMILY = "1,2";
			};
			name = Debug;
		};
		700CB827292C6F3D0059C92E /* Release */ = {
			isa = XCBuildConfiguration;
			buildSettings = {
				ASSETCATALOG_COMPILER_APPICON_NAME = AppIcon;
				ASSETCATALOG_COMPILER_GLOBAL_ACCENT_COLOR_NAME = AccentColor;
				CODE_SIGN_STYLE = Automatic;
				CURRENT_PROJECT_VERSION = 1;
				DEVELOPMENT_ASSET_PATHS = "\"networkTest/Preview Content\"";
				DEVELOPMENT_TEAM = 67M6ZS7KS6;
				ENABLE_PREVIEWS = YES;
				GENERATE_INFOPLIST_FILE = YES;
				INFOPLIST_KEY_UIApplicationSceneManifest_Generation = YES;
				INFOPLIST_KEY_UIApplicationSupportsIndirectInputEvents = YES;
				INFOPLIST_KEY_UILaunchScreen_Generation = YES;
				INFOPLIST_KEY_UISupportedInterfaceOrientations_iPad = "UIInterfaceOrientationPortrait UIInterfaceOrientationPortraitUpsideDown UIInterfaceOrientationLandscapeLeft UIInterfaceOrientationLandscapeRight";
				INFOPLIST_KEY_UISupportedInterfaceOrientations_iPhone = "UIInterfaceOrientationPortrait UIInterfaceOrientationLandscapeLeft UIInterfaceOrientationLandscapeRight";
				LD_RUNPATH_SEARCH_PATHS = (
					"$(inherited)",
					"@executable_path/Frameworks",
				);
				MARKETING_VERSION = 1.0;
				PRODUCT_BUNDLE_IDENTIFIER = valse.networkTest;
				PRODUCT_NAME = "$(TARGET_NAME)";
				SWIFT_EMIT_LOC_STRINGS = YES;
				SWIFT_VERSION = 5.0;
				TARGETED_DEVICE_FAMILY = "1,2";
			};
			name = Release;
		};
/* End XCBuildConfiguration section */

/* Begin XCConfigurationList section */
		700CB812292C6F3C0059C92E /* Build configuration list for PBXProject "networkTest" */ = {
			isa = XCConfigurationList;
			buildConfigurations = (
				700CB823292C6F3D0059C92E /* Debug */,
				700CB824292C6F3D0059C92E /* Release */,
			);
			defaultConfigurationIsVisible = 0;
			defaultConfigurationName = Release;
		};
		700CB825292C6F3D0059C92E /* Build configuration list for PBXNativeTarget "networkTest" */ = {
			isa = XCConfigurationList;
			buildConfigurations = (
				700CB826292C6F3D0059C92E /* Debug */,
				700CB827292C6F3D0059C92E /* Release */,
			);
			defaultConfigurationIsVisible = 0;
			defaultConfigurationName = Release;
		};
/* End XCConfigurationList section */
	};
	rootObject = 700CB80F292C6F3C0059C92E /* Project object */;
}
