// !$*UTF8*$!
{
	archiveVersion = 1;
	classes = {
	};
	objectVersion = 56;
	objects = {

/* Begin PBXBuildFile section */
		70C73E31294012990099B0A7 /* GoogleService-Info (1).plist in Resources */ = {isa = PBXBuildFile; fileRef = 70C73E30294012990099B0A7 /* GoogleService-Info (1).plist */; };
		70E6355E293F12400015121B /* FireBaseTesetApp.swift in Sources */ = {isa = PBXBuildFile; fileRef = 70E6355D293F12400015121B /* FireBaseTesetApp.swift */; };
		70E63560293F12400015121B /* ContentView.swift in Sources */ = {isa = PBXBuildFile; fileRef = 70E6355F293F12400015121B /* ContentView.swift */; };
		70E63562293F12400015121B /* Assets.xcassets in Resources */ = {isa = PBXBuildFile; fileRef = 70E63561293F12400015121B /* Assets.xcassets */; };
		70E63565293F12400015121B /* Preview Assets.xcassets in Resources */ = {isa = PBXBuildFile; fileRef = 70E63564293F12400015121B /* Preview Assets.xcassets */; };
		70E6356F293F134A0015121B /* FirebaseDatabase in Frameworks */ = {isa = PBXBuildFile; productRef = 70E6356E293F134A0015121B /* FirebaseDatabase */; };
		70E63571293F134A0015121B /* FirebaseFirestore in Frameworks */ = {isa = PBXBuildFile; productRef = 70E63570293F134A0015121B /* FirebaseFirestore */; };
		70E63573293F134A0015121B /* FirebaseStorage in Frameworks */ = {isa = PBXBuildFile; productRef = 70E63572293F134A0015121B /* FirebaseStorage */; };
/* End PBXBuildFile section */

/* Begin PBXFileReference section */
		70C73E30294012990099B0A7 /* GoogleService-Info (1).plist */ = {isa = PBXFileReference; fileEncoding = 4; lastKnownFileType = text.plist.xml; path = "GoogleService-Info (1).plist"; sourceTree = "<group>"; };
		70E6355A293F12400015121B /* FireBaseTeset.app */ = {isa = PBXFileReference; explicitFileType = wrapper.application; includeInIndex = 0; path = FireBaseTeset.app; sourceTree = BUILT_PRODUCTS_DIR; };
		70E6355D293F12400015121B /* FireBaseTesetApp.swift */ = {isa = PBXFileReference; lastKnownFileType = sourcecode.swift; path = FireBaseTesetApp.swift; sourceTree = "<group>"; };
		70E6355F293F12400015121B /* ContentView.swift */ = {isa = PBXFileReference; lastKnownFileType = sourcecode.swift; path = ContentView.swift; sourceTree = "<group>"; };
		70E63561293F12400015121B /* Assets.xcassets */ = {isa = PBXFileReference; lastKnownFileType = folder.assetcatalog; path = Assets.xcassets; sourceTree = "<group>"; };
		70E63564293F12400015121B /* Preview Assets.xcassets */ = {isa = PBXFileReference; lastKnownFileType = folder.assetcatalog; path = "Preview Assets.xcassets"; sourceTree = "<group>"; };
/* End PBXFileReference section */

/* Begin PBXFrameworksBuildPhase section */
		70E63557293F123F0015121B /* Frameworks */ = {
			isa = PBXFrameworksBuildPhase;
			buildActionMask = 2147483647;
			files = (
				70E6356F293F134A0015121B /* FirebaseDatabase in Frameworks */,
				70E63571293F134A0015121B /* FirebaseFirestore in Frameworks */,
				70E63573293F134A0015121B /* FirebaseStorage in Frameworks */,
			);
			runOnlyForDeploymentPostprocessing = 0;
		};
/* End PBXFrameworksBuildPhase section */

/* Begin PBXGroup section */
		70E63551293F123F0015121B = {
			isa = PBXGroup;
			children = (
				70E6355C293F12400015121B /* FireBaseTeset */,
				70E6355B293F12400015121B /* Products */,
			);
			sourceTree = "<group>";
		};
		70E6355B293F12400015121B /* Products */ = {
			isa = PBXGroup;
			children = (
				70E6355A293F12400015121B /* FireBaseTeset.app */,
			);
			name = Products;
			sourceTree = "<group>";
		};
		70E6355C293F12400015121B /* FireBaseTeset */ = {
			isa = PBXGroup;
			children = (
				70E6355D293F12400015121B /* FireBaseTesetApp.swift */,
				70E6355F293F12400015121B /* ContentView.swift */,
				70E63561293F12400015121B /* Assets.xcassets */,
				70C73E30294012990099B0A7 /* GoogleService-Info (1).plist */,
				70E63563293F12400015121B /* Preview Content */,
			);
			path = FireBaseTeset;
			sourceTree = "<group>";
		};
		70E63563293F12400015121B /* Preview Content */ = {
			isa = PBXGroup;
			children = (
				70E63564293F12400015121B /* Preview Assets.xcassets */,
			);
			path = "Preview Content";
			sourceTree = "<group>";
		};
/* End PBXGroup section */

/* Begin PBXNativeTarget section */
		70E63559293F123F0015121B /* FireBaseTeset */ = {
			isa = PBXNativeTarget;
			buildConfigurationList = 70E63568293F12400015121B /* Build configuration list for PBXNativeTarget "FireBaseTeset" */;
			buildPhases = (
				70E63556293F123F0015121B /* Sources */,
				70E63557293F123F0015121B /* Frameworks */,
				70E63558293F123F0015121B /* Resources */,
			);
			buildRules = (
			);
			dependencies = (
			);
			name = FireBaseTeset;
			packageProductDependencies = (
				70E6356E293F134A0015121B /* FirebaseDatabase */,
				70E63570293F134A0015121B /* FirebaseFirestore */,
				70E63572293F134A0015121B /* FirebaseStorage */,
			);
			productName = FireBaseTeset;
			productReference = 70E6355A293F12400015121B /* FireBaseTeset.app */;
			productType = "com.apple.product-type.application";
		};
/* End PBXNativeTarget section */

/* Begin PBXProject section */
		70E63552293F123F0015121B /* Project object */ = {
			isa = PBXProject;
			attributes = {
				BuildIndependentTargetsInParallel = 1;
				LastSwiftUpdateCheck = 1410;
				LastUpgradeCheck = 1410;
				TargetAttributes = {
					70E63559293F123F0015121B = {
						CreatedOnToolsVersion = 14.1;
					};
				};
			};
			buildConfigurationList = 70E63555293F123F0015121B /* Build configuration list for PBXProject "FireBaseTeset" */;
			compatibilityVersion = "Xcode 14.0";
			developmentRegion = en;
			hasScannedForEncodings = 0;
			knownRegions = (
				en,
				Base,
			);
			mainGroup = 70E63551293F123F0015121B;
			packageReferences = (
				70E6356D293F134A0015121B /* XCRemoteSwiftPackageReference "firebase-ios-sdk" */,
			);
			productRefGroup = 70E6355B293F12400015121B /* Products */;
			projectDirPath = "";
			projectRoot = "";
			targets = (
				70E63559293F123F0015121B /* FireBaseTeset */,
			);
		};
/* End PBXProject section */

/* Begin PBXResourcesBuildPhase section */
		70E63558293F123F0015121B /* Resources */ = {
			isa = PBXResourcesBuildPhase;
			buildActionMask = 2147483647;
			files = (
				70E63565293F12400015121B /* Preview Assets.xcassets in Resources */,
				70C73E31294012990099B0A7 /* GoogleService-Info (1).plist in Resources */,
				70E63562293F12400015121B /* Assets.xcassets in Resources */,
			);
			runOnlyForDeploymentPostprocessing = 0;
		};
/* End PBXResourcesBuildPhase section */

/* Begin PBXSourcesBuildPhase section */
		70E63556293F123F0015121B /* Sources */ = {
			isa = PBXSourcesBuildPhase;
			buildActionMask = 2147483647;
			files = (
				70E63560293F12400015121B /* ContentView.swift in Sources */,
				70E6355E293F12400015121B /* FireBaseTesetApp.swift in Sources */,
			);
			runOnlyForDeploymentPostprocessing = 0;
		};
/* End PBXSourcesBuildPhase section */

/* Begin XCBuildConfiguration section */
		70E63566293F12400015121B /* Debug */ = {
			isa = XCBuildConfiguration;
			buildSettings = {
				ALWAYS_SEARCH_USER_PATHS = NO;
				CLANG_ANALYZER_NONNULL = YES;
				CLANG_ANALYZER_NUMBER_OBJECT_CONVERSION = YES_AGGRESSIVE;
				CLANG_CXX_LANGUAGE_STANDARD = "gnu++20";
				CLANG_ENABLE_MODULES = YES;
				CLANG_ENABLE_OBJC_ARC = YES;
				CLANG_ENABLE_OBJC_WEAK = YES;
				CLANG_WARN_BLOCK_CAPTURE_AUTORELEASING = YES;
				CLANG_WARN_BOOL_CONVERSION = YES;
				CLANG_WARN_COMMA = YES;
				CLANG_WARN_CONSTANT_CONVERSION = YES;
				CLANG_WARN_DEPRECATED_OBJC_IMPLEMENTATIONS = YES;
				CLANG_WARN_DIRECT_OBJC_ISA_USAGE = YES_ERROR;
				CLANG_WARN_DOCUMENTATION_COMMENTS = YES;
				CLANG_WARN_EMPTY_BODY = YES;
				CLANG_WARN_ENUM_CONVERSION = YES;
				CLANG_WARN_INFINITE_RECURSION = YES;
				CLANG_WARN_INT_CONVERSION = YES;
				CLANG_WARN_NON_LITERAL_NULL_CONVERSION = YES;
				CLANG_WARN_OBJC_IMPLICIT_RETAIN_SELF = YES;
				CLANG_WARN_OBJC_LITERAL_CONVERSION = YES;
				CLANG_WARN_OBJC_ROOT_CLASS = YES_ERROR;
				CLANG_WARN_QUOTED_INCLUDE_IN_FRAMEWORK_HEADER = YES;
				CLANG_WARN_RANGE_LOOP_ANALYSIS = YES;
				CLANG_WARN_STRICT_PROTOTYPES = YES;
				CLANG_WARN_SUSPICIOUS_MOVE = YES;
				CLANG_WARN_UNGUARDED_AVAILABILITY = YES_AGGRESSIVE;
				CLANG_WARN_UNREACHABLE_CODE = YES;
				CLANG_WARN__DUPLICATE_METHOD_MATCH = YES;
				COPY_PHASE_STRIP = NO;
				DEBUG_INFORMATION_FORMAT = dwarf;
				ENABLE_STRICT_OBJC_MSGSEND = YES;
				ENABLE_TESTABILITY = YES;
				GCC_C_LANGUAGE_STANDARD = gnu11;
				GCC_DYNAMIC_NO_PIC = NO;
				GCC_NO_COMMON_BLOCKS = YES;
				GCC_OPTIMIZATION_LEVEL = 0;
				GCC_PREPROCESSOR_DEFINITIONS = (
					"DEBUG=1",
					"$(inherited)",
				);
				GCC_WARN_64_TO_32_BIT_CONVERSION = YES;
				GCC_WARN_ABOUT_RETURN_TYPE = YES_ERROR;
				GCC_WARN_UNDECLARED_SELECTOR = YES;
				GCC_WARN_UNINITIALIZED_AUTOS = YES_AGGRESSIVE;
				GCC_WARN_UNUSED_FUNCTION = YES;
				GCC_WARN_UNUSED_VARIABLE = YES;
				IPHONEOS_DEPLOYMENT_TARGET = 16.1;
				MTL_ENABLE_DEBUG_INFO = INCLUDE_SOURCE;
				MTL_FAST_MATH = YES;
				ONLY_ACTIVE_ARCH = YES;
				SDKROOT = iphoneos;
				SWIFT_ACTIVE_COMPILATION_CONDITIONS = DEBUG;
				SWIFT_OPTIMIZATION_LEVEL = "-Onone";
			};
			name = Debug;
		};
		70E63567293F12400015121B /* Release */ = {
			isa = XCBuildConfiguration;
			buildSettings = {
				ALWAYS_SEARCH_USER_PATHS = NO;
				CLANG_ANALYZER_NONNULL = YES;
				CLANG_ANALYZER_NUMBER_OBJECT_CONVERSION = YES_AGGRESSIVE;
				CLANG_CXX_LANGUAGE_STANDARD = "gnu++20";
				CLANG_ENABLE_MODULES = YES;
				CLANG_ENABLE_OBJC_ARC = YES;
				CLANG_ENABLE_OBJC_WEAK = YES;
				CLANG_WARN_BLOCK_CAPTURE_AUTORELEASING = YES;
				CLANG_WARN_BOOL_CONVERSION = YES;
				CLANG_WARN_COMMA = YES;
				CLANG_WARN_CONSTANT_CONVERSION = YES;
				CLANG_WARN_DEPRECATED_OBJC_IMPLEMENTATIONS = YES;
				CLANG_WARN_DIRECT_OBJC_ISA_USAGE = YES_ERROR;
				CLANG_WARN_DOCUMENTATION_COMMENTS = YES;
				CLANG_WARN_EMPTY_BODY = YES;
				CLANG_WARN_ENUM_CONVERSION = YES;
				CLANG_WARN_INFINITE_RECURSION = YES;
				CLANG_WARN_INT_CONVERSION = YES;
				CLANG_WARN_NON_LITERAL_NULL_CONVERSION = YES;
				CLANG_WARN_OBJC_IMPLICIT_RETAIN_SELF = YES;
				CLANG_WARN_OBJC_LITERAL_CONVERSION = YES;
				CLANG_WARN_OBJC_ROOT_CLASS = YES_ERROR;
				CLANG_WARN_QUOTED_INCLUDE_IN_FRAMEWORK_HEADER = YES;
				CLANG_WARN_RANGE_LOOP_ANALYSIS = YES;
				CLANG_WARN_STRICT_PROTOTYPES = YES;
				CLANG_WARN_SUSPICIOUS_MOVE = YES;
				CLANG_WARN_UNGUARDED_AVAILABILITY = YES_AGGRESSIVE;
				CLANG_WARN_UNREACHABLE_CODE = YES;
				CLANG_WARN__DUPLICATE_METHOD_MATCH = YES;
				COPY_PHASE_STRIP = NO;
				DEBUG_INFORMATION_FORMAT = "dwarf-with-dsym";
				ENABLE_NS_ASSERTIONS = NO;
				ENABLE_STRICT_OBJC_MSGSEND = YES;
				GCC_C_LANGUAGE_STANDARD = gnu11;
				GCC_NO_COMMON_BLOCKS = YES;
				GCC_WARN_64_TO_32_BIT_CONVERSION = YES;
				GCC_WARN_ABOUT_RETURN_TYPE = YES_ERROR;
				GCC_WARN_UNDECLARED_SELECTOR = YES;
				GCC_WARN_UNINITIALIZED_AUTOS = YES_AGGRESSIVE;
				GCC_WARN_UNUSED_FUNCTION = YES;
				GCC_WARN_UNUSED_VARIABLE = YES;
				IPHONEOS_DEPLOYMENT_TARGET = 16.1;
				MTL_ENABLE_DEBUG_INFO = NO;
				MTL_FAST_MATH = YES;
				SDKROOT = iphoneos;
				SWIFT_COMPILATION_MODE = wholemodule;
				SWIFT_OPTIMIZATION_LEVEL = "-O";
				VALIDATE_PRODUCT = YES;
			};
			name = Release;
		};
		70E63569293F12400015121B /* Debug */ = {
			isa = XCBuildConfiguration;
			buildSettings = {
				ASSETCATALOG_COMPILER_APPICON_NAME = AppIcon;
				ASSETCATALOG_COMPILER_GLOBAL_ACCENT_COLOR_NAME = AccentColor;
				CODE_SIGN_STYLE = Automatic;
				CURRENT_PROJECT_VERSION = 1;
				DEVELOPMENT_ASSET_PATHS = "\"FireBaseTeset/Preview Content\"";
				DEVELOPMENT_TEAM = 67M6ZS7KS6;
				ENABLE_PREVIEWS = YES;
				GENERATE_INFOPLIST_FILE = YES;
				INFOPLIST_KEY_UIApplicationSceneManifest_Generation = YES;
				INFOPLIST_KEY_UIApplicationSupportsIndirectInputEvents = YES;
				INFOPLIST_KEY_UILaunchScreen_Generation = YES;
				INFOPLIST_KEY_UISupportedInterfaceOrientations_iPad = "UIInterfaceOrientationPortrait UIInterfaceOrientationPortraitUpsideDown UIInterfaceOrientationLandscapeLeft UIInterfaceOrientationLandscapeRight";
				INFOPLIST_KEY_UISupportedInterfaceOrientations_iPhone = "UIInterfaceOrientationPortrait UIInterfaceOrientationLandscapeLeft UIInterfaceOrientationLandscapeRight";
				LD_RUNPATH_SEARCH_PATHS = (
					"$(inherited)",
					"@executable_path/Frameworks",
				);
				MARKETING_VERSION = 1.0;
				PRODUCT_BUNDLE_IDENTIFIER = valse.FireBaseTeset;
				PRODUCT_NAME = "$(TARGET_NAME)";
				SWIFT_EMIT_LOC_STRINGS = YES;
				SWIFT_VERSION = 5.0;
				TARGETED_DEVICE_FAMILY = "1,2";
			};
			name = Debug;
		};
		70E6356A293F12400015121B /* Release */ = {
			isa = XCBuildConfiguration;
			buildSettings = {
				ASSETCATALOG_COMPILER_APPICON_NAME = AppIcon;
				ASSETCATALOG_COMPILER_GLOBAL_ACCENT_COLOR_NAME = AccentColor;
				CODE_SIGN_STYLE = Automatic;
				CURRENT_PROJECT_VERSION = 1;
				DEVELOPMENT_ASSET_PATHS = "\"FireBaseTeset/Preview Content\"";
				DEVELOPMENT_TEAM = 67M6ZS7KS6;
				ENABLE_PREVIEWS = YES;
				GENERATE_INFOPLIST_FILE = YES;
				INFOPLIST_KEY_UIApplicationSceneManifest_Generation = YES;
				INFOPLIST_KEY_UIApplicationSupportsIndirectInputEvents = YES;
				INFOPLIST_KEY_UILaunchScreen_Generation = YES;
				INFOPLIST_KEY_UISupportedInterfaceOrientations_iPad = "UIInterfaceOrientationPortrait UIInterfaceOrientationPortraitUpsideDown UIInterfaceOrientationLandscapeLeft UIInterfaceOrientationLandscapeRight";
				INFOPLIST_KEY_UISupportedInterfaceOrientations_iPhone = "UIInterfaceOrientationPortrait UIInterfaceOrientationLandscapeLeft UIInterfaceOrientationLandscapeRight";
				LD_RUNPATH_SEARCH_PATHS = (
					"$(inherited)",
					"@executable_path/Frameworks",
				);
				MARKETING_VERSION = 1.0;
				PRODUCT_BUNDLE_IDENTIFIER = valse.FireBaseTeset;
				PRODUCT_NAME = "$(TARGET_NAME)";
				SWIFT_EMIT_LOC_STRINGS = YES;
				SWIFT_VERSION = 5.0;
				TARGETED_DEVICE_FAMILY = "1,2";
			};
			name = Release;
		};
/* End XCBuildConfiguration section */

/* Begin XCConfigurationList section */
		70E63555293F123F0015121B /* Build configuration list for PBXProject "FireBaseTeset" */ = {
			isa = XCConfigurationList;
			buildConfigurations = (
				70E63566293F12400015121B /* Debug */,
				70E63567293F12400015121B /* Release */,
			);
			defaultConfigurationIsVisible = 0;
			defaultConfigurationName = Release;
		};
		70E63568293F12400015121B /* Build configuration list for PBXNativeTarget "FireBaseTeset" */ = {
			isa = XCConfigurationList;
			buildConfigurations = (
				70E63569293F12400015121B /* Debug */,
				70E6356A293F12400015121B /* Release */,
			);
			defaultConfigurationIsVisible = 0;
			defaultConfigurationName = Release;
		};
/* End XCConfigurationList section */

/* Begin XCRemoteSwiftPackageReference section */
		70E6356D293F134A0015121B /* XCRemoteSwiftPackageReference "firebase-ios-sdk" */ = {
			isa = XCRemoteSwiftPackageReference;
			repositoryURL = "https://github.com/firebase/firebase-ios-sdk";
			requirement = {
				kind = upToNextMajorVersion;
				minimumVersion = 9.0.0;
			};
		};
/* End XCRemoteSwiftPackageReference section */

/* Begin XCSwiftPackageProductDependency section */
		70E6356E293F134A0015121B /* FirebaseDatabase */ = {
			isa = XCSwiftPackageProductDependency;
			package = 70E6356D293F134A0015121B /* XCRemoteSwiftPackageReference "firebase-ios-sdk" */;
			productName = FirebaseDatabase;
		};
		70E63570293F134A0015121B /* FirebaseFirestore */ = {
			isa = XCSwiftPackageProductDependency;
			package = 70E6356D293F134A0015121B /* XCRemoteSwiftPackageReference "firebase-ios-sdk" */;
			productName = FirebaseFirestore;
		};
		70E63572293F134A0015121B /* FirebaseStorage */ = {
			isa = XCSwiftPackageProductDependency;
			package = 70E6356D293F134A0015121B /* XCRemoteSwiftPackageReference "firebase-ios-sdk" */;
			productName = FirebaseStorage;
		};
/* End XCSwiftPackageProductDependency section */
	};
	rootObject = 70E63552293F123F0015121B /* Project object */;
}
