// !$*UTF8*$!
{
	archiveVersion = 1;
	classes = {
	};
	objectVersion = 56;
	objects = {

/* Begin PBXBuildFile section */
		7004CCA7290631E80002FB58 /* TimerObject.swift in Sources */ = {isa = PBXBuildFile; fileRef = 7004CCA6290631E80002FB58 /* TimerObject.swift */; };
		7004CCA92906336B0002FB58 /* SecondTimerView.swift in Sources */ = {isa = PBXBuildFile; fileRef = 7004CCA82906336B0002FB58 /* SecondTimerView.swift */; };
		7004CCAB29064A6A0002FB58 /* OtherView.swift in Sources */ = {isa = PBXBuildFile; fileRef = 7004CCAA29064A6A0002FB58 /* OtherView.swift */; };
		7004CCB0290665340002FB58 /* MenuGameStartView.swift in Sources */ = {isa = PBXBuildFile; fileRef = 7004CCAF290665340002FB58 /* MenuGameStartView.swift */; };
		7004CCB22906671D0002FB58 /* FirstRouletteView.swift in Sources */ = {isa = PBXBuildFile; fileRef = 7004CCB12906671D0002FB58 /* FirstRouletteView.swift */; };
		7004CCB4290667620002FB58 /* FirstRouletteBoard.swift in Sources */ = {isa = PBXBuildFile; fileRef = 7004CCB3290667620002FB58 /* FirstRouletteBoard.swift */; };
		7004CCB6290668160002FB58 /* SecondRouletteView.swift in Sources */ = {isa = PBXBuildFile; fileRef = 7004CCB5290668160002FB58 /* SecondRouletteView.swift */; };
		7004CCB8290668F60002FB58 /* SecondRouletteBoard.swift in Sources */ = {isa = PBXBuildFile; fileRef = 7004CCB7290668F60002FB58 /* SecondRouletteBoard.swift */; };
		7004CCBB29066BB20002FB58 /* MenuData.swift in Sources */ = {isa = PBXBuildFile; fileRef = 7004CCBA29066BB20002FB58 /* MenuData.swift */; };
		706A761629061387003C5194 /* UnderstandingEnvironmentApp.swift in Sources */ = {isa = PBXBuildFile; fileRef = 706A761529061387003C5194 /* UnderstandingEnvironmentApp.swift */; };
		706A761829061387003C5194 /* FirstTimeView.swift in Sources */ = {isa = PBXBuildFile; fileRef = 706A761729061387003C5194 /* FirstTimeView.swift */; };
		706A761A29061387003C5194 /* Assets.xcassets in Resources */ = {isa = PBXBuildFile; fileRef = 706A761929061387003C5194 /* Assets.xcassets */; };
		706A761D29061387003C5194 /* Preview Assets.xcassets in Resources */ = {isa = PBXBuildFile; fileRef = 706A761C29061387003C5194 /* Preview Assets.xcassets */; };
		708A87A62906BF5E0086A0F6 /* ResultHIstoryView.swift in Sources */ = {isa = PBXBuildFile; fileRef = 708A87A52906BF5E0086A0F6 /* ResultHIstoryView.swift */; };
/* End PBXBuildFile section */

/* Begin PBXFileReference section */
		7004CCA6290631E80002FB58 /* TimerObject.swift */ = {isa = PBXFileReference; lastKnownFileType = sourcecode.swift; path = TimerObject.swift; sourceTree = "<group>"; };
		7004CCA82906336B0002FB58 /* SecondTimerView.swift */ = {isa = PBXFileReference; lastKnownFileType = sourcecode.swift; path = SecondTimerView.swift; sourceTree = "<group>"; };
		7004CCAA29064A6A0002FB58 /* OtherView.swift */ = {isa = PBXFileReference; lastKnownFileType = sourcecode.swift; path = OtherView.swift; sourceTree = "<group>"; };
		7004CCAF290665340002FB58 /* MenuGameStartView.swift */ = {isa = PBXFileReference; lastKnownFileType = sourcecode.swift; path = MenuGameStartView.swift; sourceTree = "<group>"; };
		7004CCB12906671D0002FB58 /* FirstRouletteView.swift */ = {isa = PBXFileReference; lastKnownFileType = sourcecode.swift; path = FirstRouletteView.swift; sourceTree = "<group>"; };
		7004CCB3290667620002FB58 /* FirstRouletteBoard.swift */ = {isa = PBXFileReference; lastKnownFileType = sourcecode.swift; name = FirstRouletteBoard.swift; path = UnderstandingEnvironment/DoubleRoulette/Views/FirstRouletteBoard.swift; sourceTree = SOURCE_ROOT; };
		7004CCB5290668160002FB58 /* SecondRouletteView.swift */ = {isa = PBXFileReference; lastKnownFileType = sourcecode.swift; path = SecondRouletteView.swift; sourceTree = "<group>"; };
		7004CCB7290668F60002FB58 /* SecondRouletteBoard.swift */ = {isa = PBXFileReference; lastKnownFileType = sourcecode.swift; path = SecondRouletteBoard.swift; sourceTree = "<group>"; };
		7004CCBA29066BB20002FB58 /* MenuData.swift */ = {isa = PBXFileReference; lastKnownFileType = sourcecode.swift; path = MenuData.swift; sourceTree = "<group>"; };
		706A761229061387003C5194 /* UnderstandingEnvironment.app */ = {isa = PBXFileReference; explicitFileType = wrapper.application; includeInIndex = 0; path = UnderstandingEnvironment.app; sourceTree = BUILT_PRODUCTS_DIR; };
		706A761529061387003C5194 /* UnderstandingEnvironmentApp.swift */ = {isa = PBXFileReference; lastKnownFileType = sourcecode.swift; path = UnderstandingEnvironmentApp.swift; sourceTree = "<group>"; };
		706A761729061387003C5194 /* FirstTimeView.swift */ = {isa = PBXFileReference; lastKnownFileType = sourcecode.swift; path = FirstTimeView.swift; sourceTree = "<group>"; };
		706A761929061387003C5194 /* Assets.xcassets */ = {isa = PBXFileReference; lastKnownFileType = folder.assetcatalog; path = Assets.xcassets; sourceTree = "<group>"; };
		706A761C29061387003C5194 /* Preview Assets.xcassets */ = {isa = PBXFileReference; lastKnownFileType = folder.assetcatalog; path = "Preview Assets.xcassets"; sourceTree = "<group>"; };
		708A87A52906BF5E0086A0F6 /* ResultHIstoryView.swift */ = {isa = PBXFileReference; lastKnownFileType = sourcecode.swift; path = ResultHIstoryView.swift; sourceTree = "<group>"; };
/* End PBXFileReference section */

/* Begin PBXFrameworksBuildPhase section */
		706A760F29061387003C5194 /* Frameworks */ = {
			isa = PBXFrameworksBuildPhase;
			buildActionMask = 2147483647;
			files = (
			);
			runOnlyForDeploymentPostprocessing = 0;
		};
/* End PBXFrameworksBuildPhase section */

/* Begin PBXGroup section */
		7004CCAC29064EB00002FB58 /* EnvironmentExample */ = {
			isa = PBXGroup;
			children = (
				706A761729061387003C5194 /* FirstTimeView.swift */,
				7004CCA82906336B0002FB58 /* SecondTimerView.swift */,
				7004CCAA29064A6A0002FB58 /* OtherView.swift */,
				7004CCA6290631E80002FB58 /* TimerObject.swift */,
			);
			path = EnvironmentExample;
			sourceTree = "<group>";
		};
		7004CCAE2906647C0002FB58 /* DoubleRoulette */ = {
			isa = PBXGroup;
			children = (
				706A761529061387003C5194 /* UnderstandingEnvironmentApp.swift */,
				7004CCB929066BA60002FB58 /* Model */,
				708A87A42906B0840086A0F6 /* Views */,
			);
			path = DoubleRoulette;
			sourceTree = "<group>";
		};
		7004CCB929066BA60002FB58 /* Model */ = {
			isa = PBXGroup;
			children = (
				7004CCBA29066BB20002FB58 /* MenuData.swift */,
			);
			path = Model;
			sourceTree = "<group>";
		};
		706A760929061386003C5194 = {
			isa = PBXGroup;
			children = (
				706A761429061387003C5194 /* UnderstandingEnvironment */,
				706A761329061387003C5194 /* Products */,
			);
			sourceTree = "<group>";
		};
		706A761329061387003C5194 /* Products */ = {
			isa = PBXGroup;
			children = (
				706A761229061387003C5194 /* UnderstandingEnvironment.app */,
			);
			name = Products;
			sourceTree = "<group>";
		};
		706A761429061387003C5194 /* UnderstandingEnvironment */ = {
			isa = PBXGroup;
			children = (
				7004CCAE2906647C0002FB58 /* DoubleRoulette */,
				7004CCAC29064EB00002FB58 /* EnvironmentExample */,
				706A761929061387003C5194 /* Assets.xcassets */,
				706A761B29061387003C5194 /* Preview Content */,
			);
			path = UnderstandingEnvironment;
			sourceTree = "<group>";
		};
		706A761B29061387003C5194 /* Preview Content */ = {
			isa = PBXGroup;
			children = (
				706A761C29061387003C5194 /* Preview Assets.xcassets */,
			);
			path = "Preview Content";
			sourceTree = "<group>";
		};
		708A87A42906B0840086A0F6 /* Views */ = {
			isa = PBXGroup;
			children = (
				7004CCAF290665340002FB58 /* MenuGameStartView.swift */,
				7004CCB12906671D0002FB58 /* FirstRouletteView.swift */,
				7004CCB3290667620002FB58 /* FirstRouletteBoard.swift */,
				7004CCB5290668160002FB58 /* SecondRouletteView.swift */,
				7004CCB7290668F60002FB58 /* SecondRouletteBoard.swift */,
				708A87A52906BF5E0086A0F6 /* ResultHIstoryView.swift */,
			);
			path = Views;
			sourceTree = "<group>";
		};
/* End PBXGroup section */

/* Begin PBXNativeTarget section */
		706A761129061387003C5194 /* UnderstandingEnvironment */ = {
			isa = PBXNativeTarget;
			buildConfigurationList = 706A762029061387003C5194 /* Build configuration list for PBXNativeTarget "UnderstandingEnvironment" */;
			buildPhases = (
				706A760E29061387003C5194 /* Sources */,
				706A760F29061387003C5194 /* Frameworks */,
				706A761029061387003C5194 /* Resources */,
			);
			buildRules = (
			);
			dependencies = (
			);
			name = UnderstandingEnvironment;
			productName = UnderstandingEnvironment;
			productReference = 706A761229061387003C5194 /* UnderstandingEnvironment.app */;
			productType = "com.apple.product-type.application";
		};
/* End PBXNativeTarget section */

/* Begin PBXProject section */
		706A760A29061386003C5194 /* Project object */ = {
			isa = PBXProject;
			attributes = {
				BuildIndependentTargetsInParallel = 1;
				LastSwiftUpdateCheck = 1400;
				LastUpgradeCheck = 1400;
				TargetAttributes = {
					706A761129061387003C5194 = {
						CreatedOnToolsVersion = 14.0;
					};
				};
			};
			buildConfigurationList = 706A760D29061386003C5194 /* Build configuration list for PBXProject "UnderstandingEnvironment" */;
			compatibilityVersion = "Xcode 14.0";
			developmentRegion = en;
			hasScannedForEncodings = 0;
			knownRegions = (
				en,
				Base,
			);
			mainGroup = 706A760929061386003C5194;
			productRefGroup = 706A761329061387003C5194 /* Products */;
			projectDirPath = "";
			projectRoot = "";
			targets = (
				706A761129061387003C5194 /* UnderstandingEnvironment */,
			);
		};
/* End PBXProject section */

/* Begin PBXResourcesBuildPhase section */
		706A761029061387003C5194 /* Resources */ = {
			isa = PBXResourcesBuildPhase;
			buildActionMask = 2147483647;
			files = (
				706A761D29061387003C5194 /* Preview Assets.xcassets in Resources */,
				706A761A29061387003C5194 /* Assets.xcassets in Resources */,
			);
			runOnlyForDeploymentPostprocessing = 0;
		};
/* End PBXResourcesBuildPhase section */

/* Begin PBXSourcesBuildPhase section */
		706A760E29061387003C5194 /* Sources */ = {
			isa = PBXSourcesBuildPhase;
			buildActionMask = 2147483647;
			files = (
				706A761829061387003C5194 /* FirstTimeView.swift in Sources */,
				7004CCA7290631E80002FB58 /* TimerObject.swift in Sources */,
				708A87A62906BF5E0086A0F6 /* ResultHIstoryView.swift in Sources */,
				7004CCB22906671D0002FB58 /* FirstRouletteView.swift in Sources */,
				7004CCA92906336B0002FB58 /* SecondTimerView.swift in Sources */,
				7004CCB0290665340002FB58 /* MenuGameStartView.swift in Sources */,
				7004CCB6290668160002FB58 /* SecondRouletteView.swift in Sources */,
				706A761629061387003C5194 /* UnderstandingEnvironmentApp.swift in Sources */,
				7004CCB8290668F60002FB58 /* SecondRouletteBoard.swift in Sources */,
				7004CCB4290667620002FB58 /* FirstRouletteBoard.swift in Sources */,
				7004CCBB29066BB20002FB58 /* MenuData.swift in Sources */,
				7004CCAB29064A6A0002FB58 /* OtherView.swift in Sources */,
			);
			runOnlyForDeploymentPostprocessing = 0;
		};
/* End PBXSourcesBuildPhase section */

/* Begin XCBuildConfiguration section */
		706A761E29061387003C5194 /* Debug */ = {
			isa = XCBuildConfiguration;
			buildSettings = {
				ALWAYS_SEARCH_USER_PATHS = NO;
				CLANG_ANALYZER_NONNULL = YES;
				CLANG_ANALYZER_NUMBER_OBJECT_CONVERSION = YES_AGGRESSIVE;
				CLANG_CXX_LANGUAGE_STANDARD = "gnu++20";
				CLANG_ENABLE_MODULES = YES;
				CLANG_ENABLE_OBJC_ARC = YES;
				CLANG_ENABLE_OBJC_WEAK = YES;
				CLANG_WARN_BLOCK_CAPTURE_AUTORELEASING = YES;
				CLANG_WARN_BOOL_CONVERSION = YES;
				CLANG_WARN_COMMA = YES;
				CLANG_WARN_CONSTANT_CONVERSION = YES;
				CLANG_WARN_DEPRECATED_OBJC_IMPLEMENTATIONS = YES;
				CLANG_WARN_DIRECT_OBJC_ISA_USAGE = YES_ERROR;
				CLANG_WARN_DOCUMENTATION_COMMENTS = YES;
				CLANG_WARN_EMPTY_BODY = YES;
				CLANG_WARN_ENUM_CONVERSION = YES;
				CLANG_WARN_INFINITE_RECURSION = YES;
				CLANG_WARN_INT_CONVERSION = YES;
				CLANG_WARN_NON_LITERAL_NULL_CONVERSION = YES;
				CLANG_WARN_OBJC_IMPLICIT_RETAIN_SELF = YES;
				CLANG_WARN_OBJC_LITERAL_CONVERSION = YES;
				CLANG_WARN_OBJC_ROOT_CLASS = YES_ERROR;
				CLANG_WARN_QUOTED_INCLUDE_IN_FRAMEWORK_HEADER = YES;
				CLANG_WARN_RANGE_LOOP_ANALYSIS = YES;
				CLANG_WARN_STRICT_PROTOTYPES = YES;
				CLANG_WARN_SUSPICIOUS_MOVE = YES;
				CLANG_WARN_UNGUARDED_AVAILABILITY = YES_AGGRESSIVE;
				CLANG_WARN_UNREACHABLE_CODE = YES;
				CLANG_WARN__DUPLICATE_METHOD_MATCH = YES;
				COPY_PHASE_STRIP = NO;
				DEBUG_INFORMATION_FORMAT = dwarf;
				ENABLE_STRICT_OBJC_MSGSEND = YES;
				ENABLE_TESTABILITY = YES;
				GCC_C_LANGUAGE_STANDARD = gnu11;
				GCC_DYNAMIC_NO_PIC = NO;
				GCC_NO_COMMON_BLOCKS = YES;
				GCC_OPTIMIZATION_LEVEL = 0;
				GCC_PREPROCESSOR_DEFINITIONS = (
					"DEBUG=1",
					"$(inherited)",
				);
				GCC_WARN_64_TO_32_BIT_CONVERSION = YES;
				GCC_WARN_ABOUT_RETURN_TYPE = YES_ERROR;
				GCC_WARN_UNDECLARED_SELECTOR = YES;
				GCC_WARN_UNINITIALIZED_AUTOS = YES_AGGRESSIVE;
				GCC_WARN_UNUSED_FUNCTION = YES;
				GCC_WARN_UNUSED_VARIABLE = YES;
				IPHONEOS_DEPLOYMENT_TARGET = 16.0;
				MTL_ENABLE_DEBUG_INFO = INCLUDE_SOURCE;
				MTL_FAST_MATH = YES;
				ONLY_ACTIVE_ARCH = YES;
				SDKROOT = iphoneos;
				SWIFT_ACTIVE_COMPILATION_CONDITIONS = DEBUG;
				SWIFT_OPTIMIZATION_LEVEL = "-Onone";
			};
			name = Debug;
		};
		706A761F29061387003C5194 /* Release */ = {
			isa = XCBuildConfiguration;
			buildSettings = {
				ALWAYS_SEARCH_USER_PATHS = NO;
				CLANG_ANALYZER_NONNULL = YES;
				CLANG_ANALYZER_NUMBER_OBJECT_CONVERSION = YES_AGGRESSIVE;
				CLANG_CXX_LANGUAGE_STANDARD = "gnu++20";
				CLANG_ENABLE_MODULES = YES;
				CLANG_ENABLE_OBJC_ARC = YES;
				CLANG_ENABLE_OBJC_WEAK = YES;
				CLANG_WARN_BLOCK_CAPTURE_AUTORELEASING = YES;
				CLANG_WARN_BOOL_CONVERSION = YES;
				CLANG_WARN_COMMA = YES;
				CLANG_WARN_CONSTANT_CONVERSION = YES;
				CLANG_WARN_DEPRECATED_OBJC_IMPLEMENTATIONS = YES;
				CLANG_WARN_DIRECT_OBJC_ISA_USAGE = YES_ERROR;
				CLANG_WARN_DOCUMENTATION_COMMENTS = YES;
				CLANG_WARN_EMPTY_BODY = YES;
				CLANG_WARN_ENUM_CONVERSION = YES;
				CLANG_WARN_INFINITE_RECURSION = YES;
				CLANG_WARN_INT_CONVERSION = YES;
				CLANG_WARN_NON_LITERAL_NULL_CONVERSION = YES;
				CLANG_WARN_OBJC_IMPLICIT_RETAIN_SELF = YES;
				CLANG_WARN_OBJC_LITERAL_CONVERSION = YES;
				CLANG_WARN_OBJC_ROOT_CLASS = YES_ERROR;
				CLANG_WARN_QUOTED_INCLUDE_IN_FRAMEWORK_HEADER = YES;
				CLANG_WARN_RANGE_LOOP_ANALYSIS = YES;
				CLANG_WARN_STRICT_PROTOTYPES = YES;
				CLANG_WARN_SUSPICIOUS_MOVE = YES;
				CLANG_WARN_UNGUARDED_AVAILABILITY = YES_AGGRESSIVE;
				CLANG_WARN_UNREACHABLE_CODE = YES;
				CLANG_WARN__DUPLICATE_METHOD_MATCH = YES;
				COPY_PHASE_STRIP = NO;
				DEBUG_INFORMATION_FORMAT = "dwarf-with-dsym";
				ENABLE_NS_ASSERTIONS = NO;
				ENABLE_STRICT_OBJC_MSGSEND = YES;
				GCC_C_LANGUAGE_STANDARD = gnu11;
				GCC_NO_COMMON_BLOCKS = YES;
				GCC_WARN_64_TO_32_BIT_CONVERSION = YES;
				GCC_WARN_ABOUT_RETURN_TYPE = YES_ERROR;
				GCC_WARN_UNDECLARED_SELECTOR = YES;
				GCC_WARN_UNINITIALIZED_AUTOS = YES_AGGRESSIVE;
				GCC_WARN_UNUSED_FUNCTION = YES;
				GCC_WARN_UNUSED_VARIABLE = YES;
				IPHONEOS_DEPLOYMENT_TARGET = 16.0;
				MTL_ENABLE_DEBUG_INFO = NO;
				MTL_FAST_MATH = YES;
				SDKROOT = iphoneos;
				SWIFT_COMPILATION_MODE = wholemodule;
				SWIFT_OPTIMIZATION_LEVEL = "-O";
				VALIDATE_PRODUCT = YES;
			};
			name = Release;
		};
		706A762129061387003C5194 /* Debug */ = {
			isa = XCBuildConfiguration;
			buildSettings = {
				ASSETCATALOG_COMPILER_APPICON_NAME = AppIcon;
				ASSETCATALOG_COMPILER_GLOBAL_ACCENT_COLOR_NAME = AccentColor;
				CODE_SIGN_STYLE = Automatic;
				CURRENT_PROJECT_VERSION = 1;
				DEVELOPMENT_ASSET_PATHS = "\"UnderstandingEnvironment/Preview Content\"";
				DEVELOPMENT_TEAM = 67M6ZS7KS6;
				ENABLE_PREVIEWS = YES;
				GENERATE_INFOPLIST_FILE = YES;
				INFOPLIST_KEY_UIApplicationSceneManifest_Generation = YES;
				INFOPLIST_KEY_UIApplicationSupportsIndirectInputEvents = YES;
				INFOPLIST_KEY_UILaunchScreen_Generation = YES;
				INFOPLIST_KEY_UISupportedInterfaceOrientations_iPad = "UIInterfaceOrientationPortrait UIInterfaceOrientationPortraitUpsideDown UIInterfaceOrientationLandscapeLeft UIInterfaceOrientationLandscapeRight";
				INFOPLIST_KEY_UISupportedInterfaceOrientations_iPhone = "UIInterfaceOrientationPortrait UIInterfaceOrientationLandscapeLeft UIInterfaceOrientationLandscapeRight";
				LD_RUNPATH_SEARCH_PATHS = (
					"$(inherited)",
					"@executable_path/Frameworks",
				);
				MARKETING_VERSION = 1.0;
				PRODUCT_BUNDLE_IDENTIFIER = valse.UnderstandingEnvironment;
				PRODUCT_NAME = "$(TARGET_NAME)";
				SWIFT_EMIT_LOC_STRINGS = YES;
				SWIFT_VERSION = 5.0;
				TARGETED_DEVICE_FAMILY = "1,2";
			};
			name = Debug;
		};
		706A762229061387003C5194 /* Release */ = {
			isa = XCBuildConfiguration;
			buildSettings = {
				ASSETCATALOG_COMPILER_APPICON_NAME = AppIcon;
				ASSETCATALOG_COMPILER_GLOBAL_ACCENT_COLOR_NAME = AccentColor;
				CODE_SIGN_STYLE = Automatic;
				CURRENT_PROJECT_VERSION = 1;
				DEVELOPMENT_ASSET_PATHS = "\"UnderstandingEnvironment/Preview Content\"";
				DEVELOPMENT_TEAM = 67M6ZS7KS6;
				ENABLE_PREVIEWS = YES;
				GENERATE_INFOPLIST_FILE = YES;
				INFOPLIST_KEY_UIApplicationSceneManifest_Generation = YES;
				INFOPLIST_KEY_UIApplicationSupportsIndirectInputEvents = YES;
				INFOPLIST_KEY_UILaunchScreen_Generation = YES;
				INFOPLIST_KEY_UISupportedInterfaceOrientations_iPad = "UIInterfaceOrientationPortrait UIInterfaceOrientationPortraitUpsideDown UIInterfaceOrientationLandscapeLeft UIInterfaceOrientationLandscapeRight";
				INFOPLIST_KEY_UISupportedInterfaceOrientations_iPhone = "UIInterfaceOrientationPortrait UIInterfaceOrientationLandscapeLeft UIInterfaceOrientationLandscapeRight";
				LD_RUNPATH_SEARCH_PATHS = (
					"$(inherited)",
					"@executable_path/Frameworks",
				);
				MARKETING_VERSION = 1.0;
				PRODUCT_BUNDLE_IDENTIFIER = valse.UnderstandingEnvironment;
				PRODUCT_NAME = "$(TARGET_NAME)";
				SWIFT_EMIT_LOC_STRINGS = YES;
				SWIFT_VERSION = 5.0;
				TARGETED_DEVICE_FAMILY = "1,2";
			};
			name = Release;
		};
/* End XCBuildConfiguration section */

/* Begin XCConfigurationList section */
		706A760D29061386003C5194 /* Build configuration list for PBXProject "UnderstandingEnvironment" */ = {
			isa = XCConfigurationList;
			buildConfigurations = (
				706A761E29061387003C5194 /* Debug */,
				706A761F29061387003C5194 /* Release */,
			);
			defaultConfigurationIsVisible = 0;
			defaultConfigurationName = Release;
		};
		706A762029061387003C5194 /* Build configuration list for PBXNativeTarget "UnderstandingEnvironment" */ = {
			isa = XCConfigurationList;
			buildConfigurations = (
				706A762129061387003C5194 /* Debug */,
				706A762229061387003C5194 /* Release */,
			);
			defaultConfigurationIsVisible = 0;
			defaultConfigurationName = Release;
		};
/* End XCConfigurationList section */
	};
	rootObject = 706A760A29061386003C5194 /* Project object */;
}
